// !$*UTF8*$!
{
	archiveVersion = 1;
	classes = {
	};
	objectVersion = 46;
	objects = {

/* Begin PBXBuildFile section */
		4F6AFB3815EB44B400409926 /* AnFengDe_EPUB_SDK.framework in Frameworks */ = {isa = PBXBuildFile; fileRef = 4F6AFB3715EB44B400409926 /* AnFengDe_EPUB_SDK.framework */; };
		4F8BA0B415E5D8B5004B7B96 /* AudioToolbox.framework in Frameworks */ = {isa = PBXBuildFile; fileRef = 4F8BA0B315E5D8B5004B7B96 /* AudioToolbox.framework */; };
		4F8BA0B715E5D8BE004B7B96 /* SystemConfiguration.framework in Frameworks */ = {isa = PBXBuildFile; fileRef = 4F8BA0B615E5D8BE004B7B96 /* SystemConfiguration.framework */; };
		4F8BA0B915E5D8CA004B7B96 /* MessageUI.framework in Frameworks */ = {isa = PBXBuildFile; fileRef = 4F8BA0B815E5D8C9004B7B96 /* MessageUI.framework */; };
		4F8BA0BB15E5D8D4004B7B96 /* MediaPlayer.framework in Frameworks */ = {isa = PBXBuildFile; fileRef = 4F8BA0BA15E5D8D4004B7B96 /* MediaPlayer.framework */; };
		4FD8095615C93E270065448B /* UIKit.framework in Frameworks */ = {isa = PBXBuildFile; fileRef = 4FD8095515C93E270065448B /* UIKit.framework */; };
		4FD8095815C93E270065448B /* Foundation.framework in Frameworks */ = {isa = PBXBuildFile; fileRef = 4FD8095715C93E270065448B /* Foundation.framework */; };
		4FD8095A15C93E270065448B /* CoreGraphics.framework in Frameworks */ = {isa = PBXBuildFile; fileRef = 4FD8095915C93E270065448B /* CoreGraphics.framework */; };
		4FD8096015C93E270065448B /* InfoPlist.strings in Resources */ = {isa = PBXBuildFile; fileRef = 4FD8095E15C93E270065448B /* InfoPlist.strings */; };
		4FD8096215C93E270065448B /* main.m in Sources */ = {isa = PBXBuildFile; fileRef = 4FD8096115C93E270065448B /* main.m */; };
		4FD8096615C93E270065448B /* AppDelegate.m in Sources */ = {isa = PBXBuildFile; fileRef = 4FD8096515C93E270065448B /* AppDelegate.m */; };
		8B95486318150CBF00398883 /* Default-568h@2x.png in Resources */ = {isa = PBXBuildFile; fileRef = 8B95486218150CBF00398883 /* Default-568h@2x.png */; };
		CC16F42D1745D2D100F4633C /* Default.png in Resources */ = {isa = PBXBuildFile; fileRef = CC16F42C1745D2D100F4633C /* Default.png */; };
		CC20E4831740BA5600AAC73F /* igpn-28languages-01-EPUB3.epub in Resources */ = {isa = PBXBuildFile; fileRef = CC20E4811740BA5600AAC73F /* igpn-28languages-01-EPUB3.epub */; };
		CC32155617941771003A4477 /* kaist_demo_jul8.epub in Resources */ = {isa = PBXBuildFile; fileRef = CC32155517941771003A4477 /* kaist_demo_jul8.epub */; };
		CC81FFB6174485E100A38745 /* AnFengDe_EPUB_UI.framework in Frameworks */ = {isa = PBXBuildFile; fileRef = CC81FF6E174485E100A38745 /* AnFengDe_EPUB_UI.framework */; };
		CC81FFB7174485E100A38745 /* afd.sqlite in Resources */ = {isa = PBXBuildFile; fileRef = CC81FF70174485E100A38745 /* afd.sqlite */; };
		CC81FFB8174485E100A38745 /* afd_back.png in Resources */ = {isa = PBXBuildFile; fileRef = CC81FF71174485E100A38745 /* afd_back.png */; };
		CC81FFB9174485E100A38745 /* afd_backreadview.png in Resources */ = {isa = PBXBuildFile; fileRef = CC81FF72174485E100A38745 /* afd_backreadview.png */; };
		CC81FFBA174485E100A38745 /* afd_bookbase.png in Resources */ = {isa = PBXBuildFile; fileRef = CC81FF73174485E100A38745 /* afd_bookbase.png */; };
		CC81FFBB174485E100A38745 /* afd_bookmark.png in Resources */ = {isa = PBXBuildFile; fileRef = CC81FF74174485E100A38745 /* afd_bookmark.png */; };
		CC81FFBC174485E100A38745 /* afd_bookmark_yellow.png in Resources */ = {isa = PBXBuildFile; fileRef = CC81FF75174485E100A38745 /* afd_bookmark_yellow.png */; };
		CC81FFBD174485E100A38745 /* afd_bookshelf.png in Resources */ = {isa = PBXBuildFile; fileRef = CC81FF76174485E100A38745 /* afd_bookshelf.png */; };
		CC81FFBE174485E100A38745 /* afd_bookshelf_border.png in Resources */ = {isa = PBXBuildFile; fileRef = CC81FF77174485E100A38745 /* afd_bookshelf_border.png */; };
		CC81FFBF174485E100A38745 /* afd_bright.png in Resources */ = {isa = PBXBuildFile; fileRef = CC81FF78174485E100A38745 /* afd_bright.png */; };
		CC81FFC0174485E100A38745 /* afd_coverimg.png in Resources */ = {isa = PBXBuildFile; fileRef = CC81FF79174485E100A38745 /* afd_coverimg.png */; };
		CC81FFC1174485E100A38745 /* afd_day.png in Resources */ = {isa = PBXBuildFile; fileRef = CC81FF7A174485E100A38745 /* afd_day.png */; };
		CC81FFC2174485E100A38745 /* afd_delete.png in Resources */ = {isa = PBXBuildFile; fileRef = CC81FF7B174485E100A38745 /* afd_delete.png */; };
		CC81FFC3174485E100A38745 /* afd_deletebg.png in Resources */ = {isa = PBXBuildFile; fileRef = CC81FF7C174485E100A38745 /* afd_deletebg.png */; };
		CC81FFC4174485E100A38745 /* afd_divide.png in Resources */ = {isa = PBXBuildFile; fileRef = CC81FF7D174485E100A38745 /* afd_divide.png */; };
		CC81FFC5174485E100A38745 /* afd_drug.png in Resources */ = {isa = PBXBuildFile; fileRef = CC81FF7E174485E100A38745 /* afd_drug.png */; };
		CC81FFC6174485E100A38745 /* afd_edit_all.png in Resources */ = {isa = PBXBuildFile; fileRef = CC81FF7F174485E100A38745 /* afd_edit_all.png */; };
		CC81FFC7174485E100A38745 /* afd_edit_allorang.png in Resources */ = {isa = PBXBuildFile; fileRef = CC81FF80174485E100A38745 /* afd_edit_allorang.png */; };
		CC81FFC8174485E100A38745 /* afd_edit_back.png in Resources */ = {isa = PBXBuildFile; fileRef = CC81FF81174485E100A38745 /* afd_edit_back.png */; };
		CC81FFC9174485E100A38745 /* afd_edit_cancel.png in Resources */ = {isa = PBXBuildFile; fileRef = CC81FF82174485E100A38745 /* afd_edit_cancel.png */; };
		CC81FFCA174485E100A38745 /* afd_edit_del.png in Resources */ = {isa = PBXBuildFile; fileRef = CC81FF83174485E100A38745 /* afd_edit_del.png */; };
		CC81FFCB174485E100A38745 /* afd_edit_selected.png in Resources */ = {isa = PBXBuildFile; fileRef = CC81FF84174485E100A38745 /* afd_edit_selected.png */; };
		CC81FFCC174485E100A38745 /* afd_font_zoomin.png in Resources */ = {isa = PBXBuildFile; fileRef = CC81FF85174485E100A38745 /* afd_font_zoomin.png */; };
		CC81FFCD174485E100A38745 /* afd_font_zoomout.png in Resources */ = {isa = PBXBuildFile; fileRef = CC81FF86174485E100A38745 /* afd_font_zoomout.png */; };
		CC81FFCE174485E100A38745 /* afd_fontsize.png in Resources */ = {isa = PBXBuildFile; fileRef = CC81FF87174485E100A38745 /* afd_fontsize.png */; };
		CC81FFCF174485E100A38745 /* afd_green_left.png in Resources */ = {isa = PBXBuildFile; fileRef = CC81FF88174485E100A38745 /* afd_green_left.png */; };
		CC81FFD0174485E100A38745 /* afd_green_right.png in Resources */ = {isa = PBXBuildFile; fileRef = CC81FF89174485E100A38745 /* afd_green_right.png */; };
		CC81FFD1174485E100A38745 /* afd_import_currenth3bg.png in Resources */ = {isa = PBXBuildFile; fileRef = CC81FF8A174485E100A38745 /* afd_import_currenth3bg.png */; };
		CC81FFD2174485E100A38745 /* afd_import_h3bg.png in Resources */ = {isa = PBXBuildFile; fileRef = CC81FF8B174485E100A38745 /* afd_import_h3bg.png */; };
		CC81FFD3174485E100A38745 /* afd_import_local.png in Resources */ = {isa = PBXBuildFile; fileRef = CC81FF8C174485E100A38745 /* afd_import_local.png */; };
		CC81FFD4174485E100A38745 /* afd_import_net.png in Resources */ = {isa = PBXBuildFile; fileRef = CC81FF8D174485E100A38745 /* afd_import_net.png */; };
		CC81FFD5174485E100A38745 /* afd_import_popuptabbg.png in Resources */ = {isa = PBXBuildFile; fileRef = CC81FF8E174485E100A38745 /* afd_import_popuptabbg.png */; };
		CC81FFD6174485E100A38745 /* afd_import_titlebg.png in Resources */ = {isa = PBXBuildFile; fileRef = CC81FF8F174485E100A38745 /* afd_import_titlebg.png */; };
		CC81FFD7174485E100A38745 /* afd_import_wifi.png in Resources */ = {isa = PBXBuildFile; fileRef = CC81FF90174485E100A38745 /* afd_import_wifi.png */; };
		CC81FFD8174485E100A38745 /* afd_index_add.png in Resources */ = {isa = PBXBuildFile; fileRef = CC81FF91174485E100A38745 /* afd_index_add.png */; };
		CC81FFD9174485E100A38745 /* afd_index_bg_image.png in Resources */ = {isa = PBXBuildFile; fileRef = CC81FF92174485E100A38745 /* afd_index_bg_image.png */; };
		CC81FFDA174485E100A38745 /* afd_index_bookbase.png in Resources */ = {isa = PBXBuildFile; fileRef = CC81FF93174485E100A38745 /* afd_index_bookbase.png */; };
		CC81FFDB174485E100A38745 /* afd_index_edit.png in Resources */ = {isa = PBXBuildFile; fileRef = CC81FF94174485E100A38745 /* afd_index_edit.png */; };
		CC81FFDC174485E100A38745 /* afd_index_nav_bg.png in Resources */ = {isa = PBXBuildFile; fileRef = CC81FF95174485E100A38745 /* afd_index_nav_bg.png */; };
		CC81FFDD174485E100A38745 /* afd_index_quit.png in Resources */ = {isa = PBXBuildFile; fileRef = CC81FF96174485E100A38745 /* afd_index_quit.png */; };
		CC81FFDE174485E100A38745 /* afd_next.png in Resources */ = {isa = PBXBuildFile; fileRef = CC81FF97174485E100A38745 /* afd_next.png */; };
		CC81FFDF174485E100A38745 /* afd_night.png in Resources */ = {isa = PBXBuildFile; fileRef = CC81FF98174485E100A38745 /* afd_night.png */; };
		CC81FFE0174485E100A38745 /* afd_prev.png in Resources */ = {isa = PBXBuildFile; fileRef = CC81FF99174485E100A38745 /* afd_prev.png */; };
		CC81FFE1174485E100A38745 /* afd_quit.png in Resources */ = {isa = PBXBuildFile; fileRef = CC81FF9A174485E100A38745 /* afd_quit.png */; };
		CC81FFE2174485E100A38745 /* afd_setting.png in Resources */ = {isa = PBXBuildFile; fileRef = CC81FF9B174485E100A38745 /* afd_setting.png */; };
		CC81FFE3174485E100A38745 /* afd_share.png in Resources */ = {isa = PBXBuildFile; fileRef = CC81FF9C174485E100A38745 /* afd_share.png */; };
		CC81FFE4174485E100A38745 /* afd_skip.png in Resources */ = {isa = PBXBuildFile; fileRef = CC81FF9D174485E100A38745 /* afd_skip.png */; };
		CC81FFE5174485E100A38745 /* afd_storemenu.png in Resources */ = {isa = PBXBuildFile; fileRef = CC81FF9E174485E100A38745 /* afd_storemenu.png */; };
		CC81FFE6174485E100A38745 /* afd_tablecontentsbtn.png in Resources */ = {isa = PBXBuildFile; fileRef = CC81FF9F174485E100A38745 /* afd_tablecontentsbtn.png */; };
		CC81FFE7174485E100A38745 /* afd_topmenu.png in Resources */ = {isa = PBXBuildFile; fileRef = CC81FFA0174485E100A38745 /* afd_topmenu.png */; };
		CC81FFE8174485E100A38745 /* afd_tts.png in Resources */ = {isa = PBXBuildFile; fileRef = CC81FFA1174485E100A38745 /* afd_tts.png */; };
		CC81FFE9174485E100A38745 /* afd_white_left.png in Resources */ = {isa = PBXBuildFile; fileRef = CC81FFA2174485E100A38745 /* afd_white_left.png */; };
		CC81FFEA174485E100A38745 /* afd_white_right.png in Resources */ = {isa = PBXBuildFile; fileRef = CC81FFA3174485E100A38745 /* afd_white_right.png */; };
		CC81FFEB174485E100A38745 /* backpage.js in Resources */ = {isa = PBXBuildFile; fileRef = CC81FFA4174485E100A38745 /* backpage.js */; };
		CC81FFEC174485E100A38745 /* control.js in Resources */ = {isa = PBXBuildFile; fileRef = CC81FFA5174485E100A38745 /* control.js */; };
		CC81FFED174485E100A38745 /* EPubRootViewController.nib in Resources */ = {isa = PBXBuildFile; fileRef = CC81FFA6174485E100A38745 /* EPubRootViewController.nib */; };
		CC81FFEE174485E100A38745 /* gplus_64.png in Resources */ = {isa = PBXBuildFile; fileRef = CC81FFA7174485E100A38745 /* gplus_64.png */; };
		CC81FFEF174485E100A38745 /* icon.png in Resources */ = {isa = PBXBuildFile; fileRef = CC81FFA8174485E100A38745 /* icon.png */; };
		CC81FFF0174485E100A38745 /* index.html in Resources */ = {isa = PBXBuildFile; fileRef = CC81FFA9174485E100A38745 /* index.html */; };
		CC81FFF1174485E100A38745 /* jdb.js in Resources */ = {isa = PBXBuildFile; fileRef = CC81FFAA174485E100A38745 /* jdb.js */; };
		CC81FFF2174485E100A38745 /* jindex.js in Resources */ = {isa = PBXBuildFile; fileRef = CC81FFAB174485E100A38745 /* jindex.js */; };
		CC81FFF3174485E100A38745 /* jquery.min.js in Resources */ = {isa = PBXBuildFile; fileRef = CC81FFAC174485E100A38745 /* jquery.min.js */; };
		CC81FFF4174485E100A38745 /* jsetting.js in Resources */ = {isa = PBXBuildFile; fileRef = CC81FFAD174485E100A38745 /* jsetting.js */; };
		CC81FFF5174485E100A38745 /* jtoc.js in Resources */ = {isa = PBXBuildFile; fileRef = CC81FFAE174485E100A38745 /* jtoc.js */; };
		CC81FFF6174485E100A38745 /* readpage.css in Resources */ = {isa = PBXBuildFile; fileRef = CC81FFAF174485E100A38745 /* readpage.css */; };
		CC81FFF7174485E100A38745 /* setting.html in Resources */ = {isa = PBXBuildFile; fileRef = CC81FFB0174485E100A38745 /* setting.html */; };
		CC81FFF8174485E100A38745 /* sindex.css in Resources */ = {isa = PBXBuildFile; fileRef = CC81FFB1174485E100A38745 /* sindex.css */; };
		CC81FFF9174485E100A38745 /* ssetting.css in Resources */ = {isa = PBXBuildFile; fileRef = CC81FFB2174485E100A38745 /* ssetting.css */; };
		CC81FFFA174485E100A38745 /* stoc.css in Resources */ = {isa = PBXBuildFile; fileRef = CC81FFB3174485E100A38745 /* stoc.css */; };
		CC81FFFB174485E100A38745 /* toc.html in Resources */ = {isa = PBXBuildFile; fileRef = CC81FFB4174485E100A38745 /* toc.html */; };
		CC81FFFC174485E100A38745 /* twitter_bird_callout.png in Resources */ = {isa = PBXBuildFile; fileRef = CC81FFB5174485E100A38745 /* twitter_bird_callout.png */; };
		CCE978611664BB1400E2461C /* libsqlite3.dylib in Frameworks */ = {isa = PBXBuildFile; fileRef = CCE978601664BB1400E2461C /* libsqlite3.dylib */; };
/* End PBXBuildFile section */

/* Begin PBXFileReference section */
		4F6AFB3715EB44B400409926 /* AnFengDe_EPUB_SDK.framework */ = {isa = PBXFileReference; lastKnownFileType = wrapper.framework; name = AnFengDe_EPUB_SDK.framework; path = ../lib/AnFengDe_EPUB_SDK.framework; sourceTree = "<group>"; };
		4F8BA0B315E5D8B5004B7B96 /* AudioToolbox.framework */ = {isa = PBXFileReference; lastKnownFileType = wrapper.framework; name = AudioToolbox.framework; path = System/Library/Frameworks/AudioToolbox.framework; sourceTree = SDKROOT; };
		4F8BA0B615E5D8BE004B7B96 /* SystemConfiguration.framework */ = {isa = PBXFileReference; lastKnownFileType = wrapper.framework; name = SystemConfiguration.framework; path = System/Library/Frameworks/SystemConfiguration.framework; sourceTree = SDKROOT; };
		4F8BA0B815E5D8C9004B7B96 /* MessageUI.framework */ = {isa = PBXFileReference; lastKnownFileType = wrapper.framework; name = MessageUI.framework; path = System/Library/Frameworks/MessageUI.framework; sourceTree = SDKROOT; };
		4F8BA0BA15E5D8D4004B7B96 /* MediaPlayer.framework */ = {isa = PBXFileReference; lastKnownFileType = wrapper.framework; name = MediaPlayer.framework; path = System/Library/Frameworks/MediaPlayer.framework; sourceTree = SDKROOT; };
		4FD8095115C93E270065448B /* Example.app */ = {isa = PBXFileReference; explicitFileType = wrapper.application; includeInIndex = 0; path = Example.app; sourceTree = BUILT_PRODUCTS_DIR; };
		4FD8095515C93E270065448B /* UIKit.framework */ = {isa = PBXFileReference; lastKnownFileType = wrapper.framework; name = UIKit.framework; path = System/Library/Frameworks/UIKit.framework; sourceTree = SDKROOT; };
		4FD8095715C93E270065448B /* Foundation.framework */ = {isa = PBXFileReference; lastKnownFileType = wrapper.framework; name = Foundation.framework; path = System/Library/Frameworks/Foundation.framework; sourceTree = SDKROOT; };
		4FD8095915C93E270065448B /* CoreGraphics.framework */ = {isa = PBXFileReference; lastKnownFileType = wrapper.framework; name = CoreGraphics.framework; path = System/Library/Frameworks/CoreGraphics.framework; sourceTree = SDKROOT; };
		4FD8095D15C93E270065448B /* Example-Info.plist */ = {isa = PBXFileReference; lastKnownFileType = text.plist.xml; path = "Example-Info.plist"; sourceTree = "<group>"; };
		4FD8095F15C93E270065448B /* en */ = {isa = PBXFileReference; lastKnownFileType = text.plist.strings; name = en; path = en.lproj/InfoPlist.strings; sourceTree = "<group>"; };
		4FD8096115C93E270065448B /* main.m */ = {isa = PBXFileReference; lastKnownFileType = sourcecode.c.objc; path = main.m; sourceTree = "<group>"; };
		4FD8096315C93E270065448B /* Example-Prefix.pch */ = {isa = PBXFileReference; lastKnownFileType = sourcecode.c.h; path = "Example-Prefix.pch"; sourceTree = "<group>"; };
		4FD8096415C93E270065448B /* AppDelegate.h */ = {isa = PBXFileReference; lastKnownFileType = sourcecode.c.h; path = AppDelegate.h; sourceTree = "<group>"; };
		4FD8096515C93E270065448B /* AppDelegate.m */ = {isa = PBXFileReference; lastKnownFileType = sourcecode.c.objc; path = AppDelegate.m; sourceTree = "<group>"; };
		8B95486218150CBF00398883 /* Default-568h@2x.png */ = {isa = PBXFileReference; lastKnownFileType = image.png; path = "Default-568h@2x.png"; sourceTree = "<group>"; };
		CC16F42C1745D2D100F4633C /* Default.png */ = {isa = PBXFileReference; lastKnownFileType = image.png; path = Default.png; sourceTree = "<group>"; };
		CC20E4811740BA5600AAC73F /* igpn-28languages-01-EPUB3.epub */ = {isa = PBXFileReference; lastKnownFileType = file; path = "igpn-28languages-01-EPUB3.epub"; sourceTree = "<group>"; };
		CC32155517941771003A4477 /* kaist_demo_jul8.epub */ = {isa = PBXFileReference; lastKnownFileType = file; path = kaist_demo_jul8.epub; sourceTree = "<group>"; };
		CC81FF6E174485E100A38745 /* AnFengDe_EPUB_UI.framework */ = {isa = PBXFileReference; lastKnownFileType = wrapper.framework; path = AnFengDe_EPUB_UI.framework; sourceTree = "<group>"; };
		CC81FF70174485E100A38745 /* afd.sqlite */ = {isa = PBXFileReference; lastKnownFileType = file; path = afd.sqlite; sourceTree = "<group>"; };
		CC81FF71174485E100A38745 /* afd_back.png */ = {isa = PBXFileReference; lastKnownFileType = image.png; path = afd_back.png; sourceTree = "<group>"; };
		CC81FF72174485E100A38745 /* afd_backreadview.png */ = {isa = PBXFileReference; lastKnownFileType = image.png; path = afd_backreadview.png; sourceTree = "<group>"; };
		CC81FF73174485E100A38745 /* afd_bookbase.png */ = {isa = PBXFileReference; lastKnownFileType = image.png; path = afd_bookbase.png; sourceTree = "<group>"; };
		CC81FF74174485E100A38745 /* afd_bookmark.png */ = {isa = PBXFileReference; lastKnownFileType = image.png; path = afd_bookmark.png; sourceTree = "<group>"; };
		CC81FF75174485E100A38745 /* afd_bookmark_yellow.png */ = {isa = PBXFileReference; lastKnownFileType = image.png; path = afd_bookmark_yellow.png; sourceTree = "<group>"; };
		CC81FF76174485E100A38745 /* afd_bookshelf.png */ = {isa = PBXFileReference; lastKnownFileType = image.png; path = afd_bookshelf.png; sourceTree = "<group>"; };
		CC81FF77174485E100A38745 /* afd_bookshelf_border.png */ = {isa = PBXFileReference; lastKnownFileType = image.png; path = afd_bookshelf_border.png; sourceTree = "<group>"; };
		CC81FF78174485E100A38745 /* afd_bright.png */ = {isa = PBXFileReference; lastKnownFileType = image.png; path = afd_bright.png; sourceTree = "<group>"; };
		CC81FF79174485E100A38745 /* afd_coverimg.png */ = {isa = PBXFileReference; lastKnownFileType = image.png; path = afd_coverimg.png; sourceTree = "<group>"; };
		CC81FF7A174485E100A38745 /* afd_day.png */ = {isa = PBXFileReference; lastKnownFileType = image.png; path = afd_day.png; sourceTree = "<group>"; };
		CC81FF7B174485E100A38745 /* afd_delete.png */ = {isa = PBXFileReference; lastKnownFileType = image.png; path = afd_delete.png; sourceTree = "<group>"; };
		CC81FF7C174485E100A38745 /* afd_deletebg.png */ = {isa = PBXFileReference; lastKnownFileType = image.png; path = afd_deletebg.png; sourceTree = "<group>"; };
		CC81FF7D174485E100A38745 /* afd_divide.png */ = {isa = PBXFileReference; lastKnownFileType = image.png; path = afd_divide.png; sourceTree = "<group>"; };
		CC81FF7E174485E100A38745 /* afd_drug.png */ = {isa = PBXFileReference; lastKnownFileType = image.png; path = afd_drug.png; sourceTree = "<group>"; };
		CC81FF7F174485E100A38745 /* afd_edit_all.png */ = {isa = PBXFileReference; lastKnownFileType = image.png; path = afd_edit_all.png; sourceTree = "<group>"; };
		CC81FF80174485E100A38745 /* afd_edit_allorang.png */ = {isa = PBXFileReference; lastKnownFileType = image.png; path = afd_edit_allorang.png; sourceTree = "<group>"; };
		CC81FF81174485E100A38745 /* afd_edit_back.png */ = {isa = PBXFileReference; lastKnownFileType = image.png; path = afd_edit_back.png; sourceTree = "<group>"; };
		CC81FF82174485E100A38745 /* afd_edit_cancel.png */ = {isa = PBXFileReference; lastKnownFileType = image.png; path = afd_edit_cancel.png; sourceTree = "<group>"; };
		CC81FF83174485E100A38745 /* afd_edit_del.png */ = {isa = PBXFileReference; lastKnownFileType = image.png; path = afd_edit_del.png; sourceTree = "<group>"; };
		CC81FF84174485E100A38745 /* afd_edit_selected.png */ = {isa = PBXFileReference; lastKnownFileType = image.png; path = afd_edit_selected.png; sourceTree = "<group>"; };
		CC81FF85174485E100A38745 /* afd_font_zoomin.png */ = {isa = PBXFileReference; lastKnownFileType = image.png; path = afd_font_zoomin.png; sourceTree = "<group>"; };
		CC81FF86174485E100A38745 /* afd_font_zoomout.png */ = {isa = PBXFileReference; lastKnownFileType = image.png; path = afd_font_zoomout.png; sourceTree = "<group>"; };
		CC81FF87174485E100A38745 /* afd_fontsize.png */ = {isa = PBXFileReference; lastKnownFileType = image.png; path = afd_fontsize.png; sourceTree = "<group>"; };
		CC81FF88174485E100A38745 /* afd_green_left.png */ = {isa = PBXFileReference; lastKnownFileType = image.png; path = afd_green_left.png; sourceTree = "<group>"; };
		CC81FF89174485E100A38745 /* afd_green_right.png */ = {isa = PBXFileReference; lastKnownFileType = image.png; path = afd_green_right.png; sourceTree = "<group>"; };
		CC81FF8A174485E100A38745 /* afd_import_currenth3bg.png */ = {isa = PBXFileReference; lastKnownFileType = image.png; path = afd_import_currenth3bg.png; sourceTree = "<group>"; };
		CC81FF8B174485E100A38745 /* afd_import_h3bg.png */ = {isa = PBXFileReference; lastKnownFileType = image.png; path = afd_import_h3bg.png; sourceTree = "<group>"; };
		CC81FF8C174485E100A38745 /* afd_import_local.png */ = {isa = PBXFileReference; lastKnownFileType = image.png; path = afd_import_local.png; sourceTree = "<group>"; };
		CC81FF8D174485E100A38745 /* afd_import_net.png */ = {isa = PBXFileReference; lastKnownFileType = image.png; path = afd_import_net.png; sourceTree = "<group>"; };
		CC81FF8E174485E100A38745 /* afd_import_popuptabbg.png */ = {isa = PBXFileReference; lastKnownFileType = image.png; path = afd_import_popuptabbg.png; sourceTree = "<group>"; };
		CC81FF8F174485E100A38745 /* afd_import_titlebg.png */ = {isa = PBXFileReference; lastKnownFileType = image.png; path = afd_import_titlebg.png; sourceTree = "<group>"; };
		CC81FF90174485E100A38745 /* afd_import_wifi.png */ = {isa = PBXFileReference; lastKnownFileType = image.png; path = afd_import_wifi.png; sourceTree = "<group>"; };
		CC81FF91174485E100A38745 /* afd_index_add.png */ = {isa = PBXFileReference; lastKnownFileType = image.png; path = afd_index_add.png; sourceTree = "<group>"; };
		CC81FF92174485E100A38745 /* afd_index_bg_image.png */ = {isa = PBXFileReference; lastKnownFileType = image.png; path = afd_index_bg_image.png; sourceTree = "<group>"; };
		CC81FF93174485E100A38745 /* afd_index_bookbase.png */ = {isa = PBXFileReference; lastKnownFileType = image.png; path = afd_index_bookbase.png; sourceTree = "<group>"; };
		CC81FF94174485E100A38745 /* afd_index_edit.png */ = {isa = PBXFileReference; lastKnownFileType = image.png; path = afd_index_edit.png; sourceTree = "<group>"; };
		CC81FF95174485E100A38745 /* afd_index_nav_bg.png */ = {isa = PBXFileReference; lastKnownFileType = image.png; path = afd_index_nav_bg.png; sourceTree = "<group>"; };
		CC81FF96174485E100A38745 /* afd_index_quit.png */ = {isa = PBXFileReference; lastKnownFileType = image.png; path = afd_index_quit.png; sourceTree = "<group>"; };
		CC81FF97174485E100A38745 /* afd_next.png */ = {isa = PBXFileReference; lastKnownFileType = image.png; path = afd_next.png; sourceTree = "<group>"; };
		CC81FF98174485E100A38745 /* afd_night.png */ = {isa = PBXFileReference; lastKnownFileType = image.png; path = afd_night.png; sourceTree = "<group>"; };
		CC81FF99174485E100A38745 /* afd_prev.png */ = {isa = PBXFileReference; lastKnownFileType = image.png; path = afd_prev.png; sourceTree = "<group>"; };
		CC81FF9A174485E100A38745 /* afd_quit.png */ = {isa = PBXFileReference; lastKnownFileType = image.png; path = afd_quit.png; sourceTree = "<group>"; };
		CC81FF9B174485E100A38745 /* afd_setting.png */ = {isa = PBXFileReference; lastKnownFileType = image.png; path = afd_setting.png; sourceTree = "<group>"; };
		CC81FF9C174485E100A38745 /* afd_share.png */ = {isa = PBXFileReference; lastKnownFileType = image.png; path = afd_share.png; sourceTree = "<group>"; };
		CC81FF9D174485E100A38745 /* afd_skip.png */ = {isa = PBXFileReference; lastKnownFileType = image.png; path = afd_skip.png; sourceTree = "<group>"; };
		CC81FF9E174485E100A38745 /* afd_storemenu.png */ = {isa = PBXFileReference; lastKnownFileType = image.png; path = afd_storemenu.png; sourceTree = "<group>"; };
		CC81FF9F174485E100A38745 /* afd_tablecontentsbtn.png */ = {isa = PBXFileReference; lastKnownFileType = image.png; path = afd_tablecontentsbtn.png; sourceTree = "<group>"; };
		CC81FFA0174485E100A38745 /* afd_topmenu.png */ = {isa = PBXFileReference; lastKnownFileType = image.png; path = afd_topmenu.png; sourceTree = "<group>"; };
		CC81FFA1174485E100A38745 /* afd_tts.png */ = {isa = PBXFileReference; lastKnownFileType = image.png; path = afd_tts.png; sourceTree = "<group>"; };
		CC81FFA2174485E100A38745 /* afd_white_left.png */ = {isa = PBXFileReference; lastKnownFileType = image.png; path = afd_white_left.png; sourceTree = "<group>"; };
		CC81FFA3174485E100A38745 /* afd_white_right.png */ = {isa = PBXFileReference; lastKnownFileType = image.png; path = afd_white_right.png; sourceTree = "<group>"; };
		CC81FFA4174485E100A38745 /* backpage.js */ = {isa = PBXFileReference; fileEncoding = 4; lastKnownFileType = sourcecode.javascript; path = backpage.js; sourceTree = "<group>"; };
		CC81FFA5174485E100A38745 /* control.js */ = {isa = PBXFileReference; fileEncoding = 4; lastKnownFileType = sourcecode.javascript; path = control.js; sourceTree = "<group>"; };
		CC81FFA6174485E100A38745 /* EPubRootViewController.nib */ = {isa = PBXFileReference; lastKnownFileType = file.bplist; path = EPubRootViewController.nib; sourceTree = "<group>"; };
		CC81FFA7174485E100A38745 /* gplus_64.png */ = {isa = PBXFileReference; lastKnownFileType = image.png; path = gplus_64.png; sourceTree = "<group>"; };
		CC81FFA8174485E100A38745 /* icon.png */ = {isa = PBXFileReference; lastKnownFileType = image.png; path = icon.png; sourceTree = "<group>"; };
		CC81FFA9174485E100A38745 /* index.html */ = {isa = PBXFileReference; fileEncoding = 4; lastKnownFileType = text.html; path = index.html; sourceTree = "<group>"; };
		CC81FFAA174485E100A38745 /* jdb.js */ = {isa = PBXFileReference; fileEncoding = 4; lastKnownFileType = sourcecode.javascript; path = jdb.js; sourceTree = "<group>"; };
		CC81FFAB174485E100A38745 /* jindex.js */ = {isa = PBXFileReference; fileEncoding = 4; lastKnownFileType = sourcecode.javascript; path = jindex.js; sourceTree = "<group>"; };
		CC81FFAC174485E100A38745 /* jquery.min.js */ = {isa = PBXFileReference; fileEncoding = 4; lastKnownFileType = sourcecode.javascript; path = jquery.min.js; sourceTree = "<group>"; };
		CC81FFAD174485E100A38745 /* jsetting.js */ = {isa = PBXFileReference; fileEncoding = 4; lastKnownFileType = sourcecode.javascript; path = jsetting.js; sourceTree = "<group>"; };
		CC81FFAE174485E100A38745 /* jtoc.js */ = {isa = PBXFileReference; fileEncoding = 4; lastKnownFileType = sourcecode.javascript; path = jtoc.js; sourceTree = "<group>"; };
		CC81FFAF174485E100A38745 /* readpage.css */ = {isa = PBXFileReference; fileEncoding = 4; lastKnownFileType = text.css; path = readpage.css; sourceTree = "<group>"; };
		CC81FFB0174485E100A38745 /* setting.html */ = {isa = PBXFileReference; fileEncoding = 4; lastKnownFileType = text.html; path = setting.html; sourceTree = "<group>"; };
		CC81FFB1174485E100A38745 /* sindex.css */ = {isa = PBXFileReference; fileEncoding = 4; lastKnownFileType = text.css; path = sindex.css; sourceTree = "<group>"; };
		CC81FFB2174485E100A38745 /* ssetting.css */ = {isa = PBXFileReference; fileEncoding = 4; lastKnownFileType = text.css; path = ssetting.css; sourceTree = "<group>"; };
		CC81FFB3174485E100A38745 /* stoc.css */ = {isa = PBXFileReference; fileEncoding = 4; lastKnownFileType = text.css; path = stoc.css; sourceTree = "<group>"; };
		CC81FFB4174485E100A38745 /* toc.html */ = {isa = PBXFileReference; fileEncoding = 4; lastKnownFileType = text.html; path = toc.html; sourceTree = "<group>"; };
		CC81FFB5174485E100A38745 /* twitter_bird_callout.png */ = {isa = PBXFileReference; lastKnownFileType = image.png; path = twitter_bird_callout.png; sourceTree = "<group>"; };
		CCB8A61E16DDF6E3000CA6E2 /* AnFengDe_EPUB_SDK.framework */ = {isa = PBXFileReference; lastKnownFileType = wrapper.framework; name = AnFengDe_EPUB_SDK.framework; path = ../lib/AnFengDe_EPUB_SDK.framework; sourceTree = "<group>"; };
		CCE978601664BB1400E2461C /* libsqlite3.dylib */ = {isa = PBXFileReference; lastKnownFileType = "compiled.mach-o.dylib"; name = libsqlite3.dylib; path = usr/lib/libsqlite3.dylib; sourceTree = SDKROOT; };
/* End PBXFileReference section */

/* Begin PBXFrameworksBuildPhase section */
		4FD8094E15C93E270065448B /* Frameworks */ = {
			isa = PBXFrameworksBuildPhase;
			buildActionMask = 2147483647;
			files = (
				CCE978611664BB1400E2461C /* libsqlite3.dylib in Frameworks */,
				4F8BA0BB15E5D8D4004B7B96 /* MediaPlayer.framework in Frameworks */,
				4F8BA0B915E5D8CA004B7B96 /* MessageUI.framework in Frameworks */,
				4F8BA0B715E5D8BE004B7B96 /* SystemConfiguration.framework in Frameworks */,
				4F8BA0B415E5D8B5004B7B96 /* AudioToolbox.framework in Frameworks */,
				4FD8095615C93E270065448B /* UIKit.framework in Frameworks */,
				4FD8095815C93E270065448B /* Foundation.framework in Frameworks */,
				4FD8095A15C93E270065448B /* CoreGraphics.framework in Frameworks */,
				4F6AFB3815EB44B400409926 /* AnFengDe_EPUB_SDK.framework in Frameworks */,
				CC81FFB6174485E100A38745 /* AnFengDe_EPUB_UI.framework in Frameworks */,
			);
			runOnlyForDeploymentPostprocessing = 0;
		};
/* End PBXFrameworksBuildPhase section */

/* Begin PBXGroup section */
		4FD8094615C93E270065448B = {
			isa = PBXGroup;
			children = (
				8B95486218150CBF00398883 /* Default-568h@2x.png */,
				CC20E4801740BA5600AAC73F /* books */,
				4FD8095B15C93E270065448B /* Example */,
				4FD8095415C93E270065448B /* Frameworks */,
				4FD8095215C93E270065448B /* Products */,
			);
			sourceTree = "<group>";
		};
		4FD8095215C93E270065448B /* Products */ = {
			isa = PBXGroup;
			children = (
				4FD8095115C93E270065448B /* Example.app */,
			);
			name = Products;
			sourceTree = "<group>";
		};
		4FD8095415C93E270065448B /* Frameworks */ = {
			isa = PBXGroup;
			children = (
				CC81FF6D174485E100A38745 /* AnFengDe_EPUB_UI.embeddedframework */,
				CCB8A61E16DDF6E3000CA6E2 /* AnFengDe_EPUB_SDK.framework */,
				CCE978601664BB1400E2461C /* libsqlite3.dylib */,
				4F8BA0BA15E5D8D4004B7B96 /* MediaPlayer.framework */,
				4F8BA0B815E5D8C9004B7B96 /* MessageUI.framework */,
				4F8BA0B615E5D8BE004B7B96 /* SystemConfiguration.framework */,
				4F8BA0B315E5D8B5004B7B96 /* AudioToolbox.framework */,
				4F6AFB3715EB44B400409926 /* AnFengDe_EPUB_SDK.framework */,
				4FD8095515C93E270065448B /* UIKit.framework */,
				4FD8095715C93E270065448B /* Foundation.framework */,
				4FD8095915C93E270065448B /* CoreGraphics.framework */,
			);
			name = Frameworks;
			sourceTree = "<group>";
		};
		4FD8095B15C93E270065448B /* Example */ = {
			isa = PBXGroup;
			children = (
				4FD8096415C93E270065448B /* AppDelegate.h */,
				4FD8096515C93E270065448B /* AppDelegate.m */,
				4FD8095C15C93E270065448B /* Supporting Files */,
			);
			path = Example;
			sourceTree = "<group>";
		};
		4FD8095C15C93E270065448B /* Supporting Files */ = {
			isa = PBXGroup;
			children = (
				CC16F42C1745D2D100F4633C /* Default.png */,
				4FD8095D15C93E270065448B /* Example-Info.plist */,
				4FD8095E15C93E270065448B /* InfoPlist.strings */,
				4FD8096115C93E270065448B /* main.m */,
				4FD8096315C93E270065448B /* Example-Prefix.pch */,
			);
			name = "Supporting Files";
			sourceTree = "<group>";
		};
		CC20E4801740BA5600AAC73F /* books */ = {
			isa = PBXGroup;
			children = (
				CC32155517941771003A4477 /* kaist_demo_jul8.epub */,
				CC20E4811740BA5600AAC73F /* igpn-28languages-01-EPUB3.epub */,
			);
			name = books;
			path = Example/books;
			sourceTree = "<group>";
		};
		CC81FF6D174485E100A38745 /* AnFengDe_EPUB_UI.embeddedframework */ = {
			isa = PBXGroup;
			children = (
				CC81FF6E174485E100A38745 /* AnFengDe_EPUB_UI.framework */,
				CC81FF6F174485E100A38745 /* Resources */,
			);
			name = AnFengDe_EPUB_UI.embeddedframework;
			path = ../lib/AnFengDe_EPUB_UI.embeddedframework;
			sourceTree = "<group>";
		};
		CC81FF6F174485E100A38745 /* Resources */ = {
			isa = PBXGroup;
			children = (
				CC81FF70174485E100A38745 /* afd.sqlite */,
				CC81FF71174485E100A38745 /* afd_back.png */,
				CC81FF72174485E100A38745 /* afd_backreadview.png */,
				CC81FF73174485E100A38745 /* afd_bookbase.png */,
				CC81FF74174485E100A38745 /* afd_bookmark.png */,
				CC81FF75174485E100A38745 /* afd_bookmark_yellow.png */,
				CC81FF76174485E100A38745 /* afd_bookshelf.png */,
				CC81FF77174485E100A38745 /* afd_bookshelf_border.png */,
				CC81FF78174485E100A38745 /* afd_bright.png */,
				CC81FF79174485E100A38745 /* afd_coverimg.png */,
				CC81FF7A174485E100A38745 /* afd_day.png */,
				CC81FF7B174485E100A38745 /* afd_delete.png */,
				CC81FF7C174485E100A38745 /* afd_deletebg.png */,
				CC81FF7D174485E100A38745 /* afd_divide.png */,
				CC81FF7E174485E100A38745 /* afd_drug.png */,
				CC81FF7F174485E100A38745 /* afd_edit_all.png */,
				CC81FF80174485E100A38745 /* afd_edit_allorang.png */,
				CC81FF81174485E100A38745 /* afd_edit_back.png */,
				CC81FF82174485E100A38745 /* afd_edit_cancel.png */,
				CC81FF83174485E100A38745 /* afd_edit_del.png */,
				CC81FF84174485E100A38745 /* afd_edit_selected.png */,
				CC81FF85174485E100A38745 /* afd_font_zoomin.png */,
				CC81FF86174485E100A38745 /* afd_font_zoomout.png */,
				CC81FF87174485E100A38745 /* afd_fontsize.png */,
				CC81FF88174485E100A38745 /* afd_green_left.png */,
				CC81FF89174485E100A38745 /* afd_green_right.png */,
				CC81FF8A174485E100A38745 /* afd_import_currenth3bg.png */,
				CC81FF8B174485E100A38745 /* afd_import_h3bg.png */,
				CC81FF8C174485E100A38745 /* afd_import_local.png */,
				CC81FF8D174485E100A38745 /* afd_import_net.png */,
				CC81FF8E174485E100A38745 /* afd_import_popuptabbg.png */,
				CC81FF8F174485E100A38745 /* afd_import_titlebg.png */,
				CC81FF90174485E100A38745 /* afd_import_wifi.png */,
				CC81FF91174485E100A38745 /* afd_index_add.png */,
				CC81FF92174485E100A38745 /* afd_index_bg_image.png */,
				CC81FF93174485E100A38745 /* afd_index_bookbase.png */,
				CC81FF94174485E100A38745 /* afd_index_edit.png */,
				CC81FF95174485E100A38745 /* afd_index_nav_bg.png */,
				CC81FF96174485E100A38745 /* afd_index_quit.png */,
				CC81FF97174485E100A38745 /* afd_next.png */,
				CC81FF98174485E100A38745 /* afd_night.png */,
				CC81FF99174485E100A38745 /* afd_prev.png */,
				CC81FF9A174485E100A38745 /* afd_quit.png */,
				CC81FF9B174485E100A38745 /* afd_setting.png */,
				CC81FF9C174485E100A38745 /* afd_share.png */,
				CC81FF9D174485E100A38745 /* afd_skip.png */,
				CC81FF9E174485E100A38745 /* afd_storemenu.png */,
				CC81FF9F174485E100A38745 /* afd_tablecontentsbtn.png */,
				CC81FFA0174485E100A38745 /* afd_topmenu.png */,
				CC81FFA1174485E100A38745 /* afd_tts.png */,
				CC81FFA2174485E100A38745 /* afd_white_left.png */,
				CC81FFA3174485E100A38745 /* afd_white_right.png */,
				CC81FFA4174485E100A38745 /* backpage.js */,
				CC81FFA5174485E100A38745 /* control.js */,
				CC81FFA6174485E100A38745 /* EPubRootViewController.nib */,
				CC81FFA7174485E100A38745 /* gplus_64.png */,
				CC81FFA8174485E100A38745 /* icon.png */,
				CC81FFA9174485E100A38745 /* index.html */,
				CC81FFAA174485E100A38745 /* jdb.js */,
				CC81FFAB174485E100A38745 /* jindex.js */,
				CC81FFAC174485E100A38745 /* jquery.min.js */,
				CC81FFAD174485E100A38745 /* jsetting.js */,
				CC81FFAE174485E100A38745 /* jtoc.js */,
				CC81FFAF174485E100A38745 /* readpage.css */,
				CC81FFB0174485E100A38745 /* setting.html */,
				CC81FFB1174485E100A38745 /* sindex.css */,
				CC81FFB2174485E100A38745 /* ssetting.css */,
				CC81FFB3174485E100A38745 /* stoc.css */,
				CC81FFB4174485E100A38745 /* toc.html */,
				CC81FFB5174485E100A38745 /* twitter_bird_callout.png */,
			);
			path = Resources;
			sourceTree = "<group>";
		};
/* End PBXGroup section */

/* Begin PBXNativeTarget section */
		4FD8095015C93E270065448B /* Example */ = {
			isa = PBXNativeTarget;
			buildConfigurationList = 4FD8096F15C93E270065448B /* Build configuration list for PBXNativeTarget "Example" */;
			buildPhases = (
				4FD8094D15C93E270065448B /* Sources */,
				4FD8094E15C93E270065448B /* Frameworks */,
				4FD8094F15C93E270065448B /* Resources */,
			);
			buildRules = (
			);
			dependencies = (
			);
			name = Example;
			productName = Example;
			productReference = 4FD8095115C93E270065448B /* Example.app */;
			productType = "com.apple.product-type.application";
		};
/* End PBXNativeTarget section */

/* Begin PBXProject section */
		4FD8094815C93E270065448B /* Project object */ = {
			isa = PBXProject;
			attributes = {
				LastUpgradeCheck = 0500;
			};
			buildConfigurationList = 4FD8094B15C93E270065448B /* Build configuration list for PBXProject "Example" */;
			compatibilityVersion = "Xcode 3.2";
			developmentRegion = English;
			hasScannedForEncodings = 0;
			knownRegions = (
				en,
			);
			mainGroup = 4FD8094615C93E270065448B;
			productRefGroup = 4FD8095215C93E270065448B /* Products */;
			projectDirPath = "";
			projectRoot = "";
			targets = (
				4FD8095015C93E270065448B /* Example */,
			);
		};
/* End PBXProject section */

/* Begin PBXResourcesBuildPhase section */
		4FD8094F15C93E270065448B /* Resources */ = {
			isa = PBXResourcesBuildPhase;
			buildActionMask = 2147483647;
			files = (
				4FD8096015C93E270065448B /* InfoPlist.strings in Resources */,
				CC81FFEB174485E100A38745 /* backpage.js in Resources */,
				CC81FFEC174485E100A38745 /* control.js in Resources */,
				CC81FFF1174485E100A38745 /* jdb.js in Resources */,
				CC81FFF2174485E100A38745 /* jindex.js in Resources */,
				CC81FFF3174485E100A38745 /* jquery.min.js in Resources */,
				CC81FFF4174485E100A38745 /* jsetting.js in Resources */,
				CC81FFF5174485E100A38745 /* jtoc.js in Resources */,
				CC20E4831740BA5600AAC73F /* igpn-28languages-01-EPUB3.epub in Resources */,
				CC81FFB7174485E100A38745 /* afd.sqlite in Resources */,
				CC81FFB8174485E100A38745 /* afd_back.png in Resources */,
				CC81FFB9174485E100A38745 /* afd_backreadview.png in Resources */,
				CC81FFBA174485E100A38745 /* afd_bookbase.png in Resources */,
				CC81FFBB174485E100A38745 /* afd_bookmark.png in Resources */,
				CC81FFBC174485E100A38745 /* afd_bookmark_yellow.png in Resources */,
				CC81FFBD174485E100A38745 /* afd_bookshelf.png in Resources */,
				CC81FFBE174485E100A38745 /* afd_bookshelf_border.png in Resources */,
				CC81FFBF174485E100A38745 /* afd_bright.png in Resources */,
				CC81FFC0174485E100A38745 /* afd_coverimg.png in Resources */,
				CC81FFC1174485E100A38745 /* afd_day.png in Resources */,
				CC81FFC2174485E100A38745 /* afd_delete.png in Resources */,
				CC81FFC3174485E100A38745 /* afd_deletebg.png in Resources */,
				CC81FFC4174485E100A38745 /* afd_divide.png in Resources */,
				8B95486318150CBF00398883 /* Default-568h@2x.png in Resources */,
				CC81FFC5174485E100A38745 /* afd_drug.png in Resources */,
				CC81FFC6174485E100A38745 /* afd_edit_all.png in Resources */,
				CC81FFC7174485E100A38745 /* afd_edit_allorang.png in Resources */,
				CC81FFC8174485E100A38745 /* afd_edit_back.png in Resources */,
				CC81FFC9174485E100A38745 /* afd_edit_cancel.png in Resources */,
				CC81FFCA174485E100A38745 /* afd_edit_del.png in Resources */,
				CC81FFCB174485E100A38745 /* afd_edit_selected.png in Resources */,
				CC81FFCC174485E100A38745 /* afd_font_zoomin.png in Resources */,
				CC81FFCD174485E100A38745 /* afd_font_zoomout.png in Resources */,
				CC81FFCE174485E100A38745 /* afd_fontsize.png in Resources */,
				CC81FFCF174485E100A38745 /* afd_green_left.png in Resources */,
				CC81FFD0174485E100A38745 /* afd_green_right.png in Resources */,
				CC81FFD1174485E100A38745 /* afd_import_currenth3bg.png in Resources */,
				CC81FFD2174485E100A38745 /* afd_import_h3bg.png in Resources */,
				CC81FFD3174485E100A38745 /* afd_import_local.png in Resources */,
				CC81FFD4174485E100A38745 /* afd_import_net.png in Resources */,
				CC81FFD5174485E100A38745 /* afd_import_popuptabbg.png in Resources */,
				CC81FFD6174485E100A38745 /* afd_import_titlebg.png in Resources */,
				CC81FFD7174485E100A38745 /* afd_import_wifi.png in Resources */,
				CC81FFD8174485E100A38745 /* afd_index_add.png in Resources */,
				CC81FFD9174485E100A38745 /* afd_index_bg_image.png in Resources */,
				CC81FFDA174485E100A38745 /* afd_index_bookbase.png in Resources */,
				CC81FFDB174485E100A38745 /* afd_index_edit.png in Resources */,
				CC81FFDC174485E100A38745 /* afd_index_nav_bg.png in Resources */,
				CC81FFDD174485E100A38745 /* afd_index_quit.png in Resources */,
				CC81FFDE174485E100A38745 /* afd_next.png in Resources */,
				CC81FFDF174485E100A38745 /* afd_night.png in Resources */,
				CC81FFE0174485E100A38745 /* afd_prev.png in Resources */,
				CC81FFE1174485E100A38745 /* afd_quit.png in Resources */,
				CC81FFE2174485E100A38745 /* afd_setting.png in Resources */,
				CC81FFE3174485E100A38745 /* afd_share.png in Resources */,
				CC81FFE4174485E100A38745 /* afd_skip.png in Resources */,
				CC81FFE5174485E100A38745 /* afd_storemenu.png in Resources */,
				CC81FFE6174485E100A38745 /* afd_tablecontentsbtn.png in Resources */,
				CC81FFE7174485E100A38745 /* afd_topmenu.png in Resources */,
				CC81FFE8174485E100A38745 /* afd_tts.png in Resources */,
				CC81FFE9174485E100A38745 /* afd_white_left.png in Resources */,
				CC81FFEA174485E100A38745 /* afd_white_right.png in Resources */,
				CC81FFED174485E100A38745 /* EPubRootViewController.nib in Resources */,
				CC81FFEE174485E100A38745 /* gplus_64.png in Resources */,
				CC81FFEF174485E100A38745 /* icon.png in Resources */,
				CC81FFF0174485E100A38745 /* index.html in Resources */,
				CC81FFF6174485E100A38745 /* readpage.css in Resources */,
				CC81FFF7174485E100A38745 /* setting.html in Resources */,
				CC81FFF8174485E100A38745 /* sindex.css in Resources */,
				CC81FFF9174485E100A38745 /* ssetting.css in Resources */,
				CC81FFFA174485E100A38745 /* stoc.css in Resources */,
				CC81FFFB174485E100A38745 /* toc.html in Resources */,
				CC81FFFC174485E100A38745 /* twitter_bird_callout.png in Resources */,
				CC16F42D1745D2D100F4633C /* Default.png in Resources */,
				CC32155617941771003A4477 /* kaist_demo_jul8.epub in Resources */,
			);
			runOnlyForDeploymentPostprocessing = 0;
		};
/* End PBXResourcesBuildPhase section */

/* Begin PBXSourcesBuildPhase section */
		4FD8094D15C93E270065448B /* Sources */ = {
			isa = PBXSourcesBuildPhase;
			buildActionMask = 2147483647;
			files = (
				4FD8096215C93E270065448B /* main.m in Sources */,
				4FD8096615C93E270065448B /* AppDelegate.m in Sources */,
			);
			runOnlyForDeploymentPostprocessing = 0;
		};
/* End PBXSourcesBuildPhase section */

/* Begin PBXVariantGroup section */
		4FD8095E15C93E270065448B /* InfoPlist.strings */ = {
			isa = PBXVariantGroup;
			children = (
				4FD8095F15C93E270065448B /* en */,
			);
			name = InfoPlist.strings;
			sourceTree = "<group>";
		};
/* End PBXVariantGroup section */

/* Begin XCBuildConfiguration section */
		4FD8096D15C93E270065448B /* Debug */ = {
			isa = XCBuildConfiguration;
			buildSettings = {
				ALWAYS_SEARCH_USER_PATHS = NO;
				CLANG_ENABLE_OBJC_ARC = YES;
				CLANG_WARN_BOOL_CONVERSION = YES;
				CLANG_WARN_CONSTANT_CONVERSION = YES;
				CLANG_WARN_EMPTY_BODY = YES;
				CLANG_WARN_ENUM_CONVERSION = YES;
				CLANG_WARN_INT_CONVERSION = YES;
				CLANG_WARN__DUPLICATE_METHOD_MATCH = YES;
				"CODE_SIGN_IDENTITY[sdk=iphoneos*]" = "iPhone Developer";
				COPY_PHASE_STRIP = NO;
				GCC_C_LANGUAGE_STANDARD = gnu99;
				GCC_DYNAMIC_NO_PIC = NO;
				GCC_OPTIMIZATION_LEVEL = 0;
				GCC_PREPROCESSOR_DEFINITIONS = (
					"DEBUG=1",
					"$(inherited)",
				);
				GCC_SYMBOLS_PRIVATE_EXTERN = NO;
				GCC_VERSION = com.apple.compilers.llvm.clang.1_0;
				GCC_WARN_64_TO_32_BIT_CONVERSION = YES;
				GCC_WARN_ABOUT_MISSING_PROTOTYPES = YES;
				GCC_WARN_ABOUT_RETURN_TYPE = YES;
				GCC_WARN_UNDECLARED_SELECTOR = YES;
				GCC_WARN_UNINITIALIZED_AUTOS = YES;
				GCC_WARN_UNUSED_FUNCTION = YES;
				GCC_WARN_UNUSED_VARIABLE = YES;
				IPHONEOS_DEPLOYMENT_TARGET = 5.0;
				ONLY_ACTIVE_ARCH = YES;
				SDKROOT = iphoneos;
			};
			name = Debug;
		};
		4FD8096E15C93E270065448B /* Release */ = {
			isa = XCBuildConfiguration;
			buildSettings = {
				ALWAYS_SEARCH_USER_PATHS = NO;
				CLANG_ENABLE_OBJC_ARC = YES;
				CLANG_WARN_BOOL_CONVERSION = YES;
				CLANG_WARN_CONSTANT_CONVERSION = YES;
				CLANG_WARN_EMPTY_BODY = YES;
				CLANG_WARN_ENUM_CONVERSION = YES;
				CLANG_WARN_INT_CONVERSION = YES;
				CLANG_WARN__DUPLICATE_METHOD_MATCH = YES;
				"CODE_SIGN_IDENTITY[sdk=iphoneos*]" = "iPhone Developer";
				COPY_PHASE_STRIP = YES;
				GCC_C_LANGUAGE_STANDARD = gnu99;
				GCC_VERSION = com.apple.compilers.llvm.clang.1_0;
				GCC_WARN_64_TO_32_BIT_CONVERSION = YES;
				GCC_WARN_ABOUT_MISSING_PROTOTYPES = YES;
				GCC_WARN_ABOUT_RETURN_TYPE = YES;
				GCC_WARN_UNDECLARED_SELECTOR = YES;
				GCC_WARN_UNINITIALIZED_AUTOS = YES;
				GCC_WARN_UNUSED_FUNCTION = YES;
				GCC_WARN_UNUSED_VARIABLE = YES;
				IPHONEOS_DEPLOYMENT_TARGET = 5.0;
				OTHER_CFLAGS = "-DNS_BLOCK_ASSERTIONS=1";
				SDKROOT = iphoneos;
				VALIDATE_PRODUCT = YES;
			};
			name = Release;
		};
		4FD8097015C93E270065448B /* Debug */ = {
			isa = XCBuildConfiguration;
			buildSettings = {
				FRAMEWORK_SEARCH_PATHS = (
					"$(inherited)",
					"\"$(SRCROOT)/../lib/AnFengDe_EPUB_UI.embeddedframework\"",
					"\"$(SRCROOT)/../../../epub_sdk/ios/Products\"",
					"\"$(SRCROOT)/../EPUB_UI/Products/AnFengDe_EPUB_UI.embeddedframework\"",
					"\"$(SRCROOT)/../../../deploy/ios/lib\"",
					"\"$(SRCROOT)/../../../deploy/ios/lib/AnFengDe_EPUB_UI.embeddedframework\"",
					"\"$(SRCROOT)/../lib\"",
				);
				GCC_PRECOMPILE_PREFIX_HEADER = YES;
				GCC_PREFIX_HEADER = "Example/Example-Prefix.pch";
				INFOPLIST_FILE = "Example/Example-Info.plist";
				IPHONEOS_DEPLOYMENT_TARGET = 5.0;
				OTHER_LDFLAGS = "-all_load";
				PRODUCT_NAME = "$(TARGET_NAME)";
				TARGETED_DEVICE_FAMILY = "1,2";
				VALID_ARCHS = armv7;
				WRAPPER_EXTENSION = app;
			};
			name = Debug;
		};
		4FD8097115C93E270065448B /* Release */ = {
			isa = XCBuildConfiguration;
			buildSettings = {
				FRAMEWORK_SEARCH_PATHS = (
					"$(inherited)",
					"\"$(SRCROOT)/../lib/AnFengDe_EPUB_UI.embeddedframework\"",
					"\"$(SRCROOT)/../../../epub_sdk/ios/Products\"",
					"\"$(SRCROOT)/../EPUB_UI/Products/AnFengDe_EPUB_UI.embeddedframework\"",
					"\"$(SRCROOT)/../../../deploy/ios/lib\"",
					"\"$(SRCROOT)/../../../deploy/ios/lib/AnFengDe_EPUB_UI.embeddedframework\"",
					"\"$(SRCROOT)/../lib\"",
				);
				GCC_PRECOMPILE_PREFIX_HEADER = YES;
				GCC_PREFIX_HEADER = "Example/Example-Prefix.pch";
				INFOPLIST_FILE = "Example/Example-Info.plist";
				IPHONEOS_DEPLOYMENT_TARGET = 5.0;
				OTHER_LDFLAGS = "-all_load";
				PRODUCT_NAME = "$(TARGET_NAME)";
				TARGETED_DEVICE_FAMILY = "1,2";
				VALID_ARCHS = armv7;
				WRAPPER_EXTENSION = app;
			};
			name = Release;
		};
/* End XCBuildConfiguration section */

/* Begin XCConfigurationList section */
		4FD8094B15C93E270065448B /* Build configuration list for PBXProject "Example" */ = {
			isa = XCConfigurationList;
			buildConfigurations = (
				4FD8096D15C93E270065448B /* Debug */,
				4FD8096E15C93E270065448B /* Release */,
			);
			defaultConfigurationIsVisible = 0;
			defaultConfigurationName = Release;
		};
		4FD8096F15C93E270065448B /* Build configuration list for PBXNativeTarget "Example" */ = {
			isa = XCConfigurationList;
			buildConfigurations = (
				4FD8097015C93E270065448B /* Debug */,
				4FD8097115C93E270065448B /* Release */,
			);
			defaultConfigurationIsVisible = 0;
			defaultConfigurationName = Release;
		};
/* End XCConfigurationList section */
	};
	rootObject = 4FD8094815C93E270065448B /* Project object */;
}
