// !$*UTF8*$!
{
	archiveVersion = 1;
	classes = {
	};
	objectVersion = 46;
	objects = {

/* Begin PBXBuildFile section */
		4F6AFB3815EB44B400409926 /* AnFengDe_EPUB_SDK.framework in Frameworks */ = {isa = PBXBuildFile; fileRef = 4F6AFB3715EB44B400409926 /* AnFengDe_EPUB_SDK.framework */; };
		4F8BA0B415E5D8B5004B7B96 /* AudioToolbox.framework in Frameworks */ = {isa = PBXBuildFile; fileRef = 4F8BA0B315E5D8B5004B7B96 /* AudioToolbox.framework */; };
		4F8BA0B715E5D8BE004B7B96 /* SystemConfiguration.framework in Frameworks */ = {isa = PBXBuildFile; fileRef = 4F8BA0B615E5D8BE004B7B96 /* SystemConfiguration.framework */; };
		4F8BA0B915E5D8CA004B7B96 /* MessageUI.framework in Frameworks */ = {isa = PBXBuildFile; fileRef = 4F8BA0B815E5D8C9004B7B96 /* MessageUI.framework */; };
		4F8BA0BB15E5D8D4004B7B96 /* MediaPlayer.framework in Frameworks */ = {isa = PBXBuildFile; fileRef = 4F8BA0BA15E5D8D4004B7B96 /* MediaPlayer.framework */; };
		4FD8095615C93E270065448B /* UIKit.framework in Frameworks */ = {isa = PBXBuildFile; fileRef = 4FD8095515C93E270065448B /* UIKit.framework */; };
		4FD8095815C93E270065448B /* Foundation.framework in Frameworks */ = {isa = PBXBuildFile; fileRef = 4FD8095715C93E270065448B /* Foundation.framework */; };
		4FD8095A15C93E270065448B /* CoreGraphics.framework in Frameworks */ = {isa = PBXBuildFile; fileRef = 4FD8095915C93E270065448B /* CoreGraphics.framework */; };
		4FD8096015C93E270065448B /* InfoPlist.strings in Resources */ = {isa = PBXBuildFile; fileRef = 4FD8095E15C93E270065448B /* InfoPlist.strings */; };
		4FD8096215C93E270065448B /* main.m in Sources */ = {isa = PBXBuildFile; fileRef = 4FD8096115C93E270065448B /* main.m */; };
		4FD8096615C93E270065448B /* AppDelegate.m in Sources */ = {isa = PBXBuildFile; fileRef = 4FD8096515C93E270065448B /* AppDelegate.m */; };
		4FD8099F15C943B20065448B /* testBook.epub in Resources */ = {isa = PBXBuildFile; fileRef = 4FD8099E15C943B20065448B /* testBook.epub */; };
		CC0662991615AA4F0086E897 /* siddhartha3.epub in Resources */ = {isa = PBXBuildFile; fileRef = CC0662981615AA4F0086E897 /* siddhartha3.epub */; };
		CC7A14961607261E000E2008 /* igpn-28languages-01-EPUB3.epub in Resources */ = {isa = PBXBuildFile; fileRef = CC7A14951607261E000E2008 /* igpn-28languages-01-EPUB3.epub */; };
		CCC8A2EA1682DA9A00237CBF /* AnFengDe_EPUB_UI.framework in Frameworks */ = {isa = PBXBuildFile; fileRef = CCC8A2AB1682DA9A00237CBF /* AnFengDe_EPUB_UI.framework */; };
		CCC8A2EB1682DA9A00237CBF /* afd.sqlite in Resources */ = {isa = PBXBuildFile; fileRef = CCC8A2AD1682DA9A00237CBF /* afd.sqlite */; };
		CCC8A2EC1682DA9A00237CBF /* afd_back.png in Resources */ = {isa = PBXBuildFile; fileRef = CCC8A2AE1682DA9A00237CBF /* afd_back.png */; };
		CCC8A2ED1682DA9A00237CBF /* afd_backreadview.png in Resources */ = {isa = PBXBuildFile; fileRef = CCC8A2AF1682DA9A00237CBF /* afd_backreadview.png */; };
		CCC8A2EE1682DA9A00237CBF /* afd_bookmark.png in Resources */ = {isa = PBXBuildFile; fileRef = CCC8A2B01682DA9A00237CBF /* afd_bookmark.png */; };
		CCC8A2EF1682DA9A00237CBF /* afd_bookmark_yellow.png in Resources */ = {isa = PBXBuildFile; fileRef = CCC8A2B11682DA9A00237CBF /* afd_bookmark_yellow.png */; };
		CCC8A2F01682DA9A00237CBF /* afd_bright.png in Resources */ = {isa = PBXBuildFile; fileRef = CCC8A2B21682DA9A00237CBF /* afd_bright.png */; };
		CCC8A2F11682DA9A00237CBF /* afd_coverimg.png in Resources */ = {isa = PBXBuildFile; fileRef = CCC8A2B31682DA9A00237CBF /* afd_coverimg.png */; };
		CCC8A2F21682DA9A00237CBF /* afd_day.png in Resources */ = {isa = PBXBuildFile; fileRef = CCC8A2B41682DA9A00237CBF /* afd_day.png */; };
		CCC8A2F31682DA9A00237CBF /* afd_delete.png in Resources */ = {isa = PBXBuildFile; fileRef = CCC8A2B51682DA9A00237CBF /* afd_delete.png */; };
		CCC8A2F41682DA9A00237CBF /* afd_deletebg.png in Resources */ = {isa = PBXBuildFile; fileRef = CCC8A2B61682DA9A00237CBF /* afd_deletebg.png */; };
		CCC8A2F51682DA9A00237CBF /* afd_divide.png in Resources */ = {isa = PBXBuildFile; fileRef = CCC8A2B71682DA9A00237CBF /* afd_divide.png */; };
		CCC8A2F61682DA9A00237CBF /* afd_drug.png in Resources */ = {isa = PBXBuildFile; fileRef = CCC8A2B81682DA9A00237CBF /* afd_drug.png */; };
		CCC8A2F71682DA9A00237CBF /* afd_edit_all.png in Resources */ = {isa = PBXBuildFile; fileRef = CCC8A2B91682DA9A00237CBF /* afd_edit_all.png */; };
		CCC8A2F81682DA9A00237CBF /* afd_edit_allorang.png in Resources */ = {isa = PBXBuildFile; fileRef = CCC8A2BA1682DA9A00237CBF /* afd_edit_allorang.png */; };
		CCC8A2F91682DA9A00237CBF /* afd_edit_back.png in Resources */ = {isa = PBXBuildFile; fileRef = CCC8A2BB1682DA9A00237CBF /* afd_edit_back.png */; };
		CCC8A2FA1682DA9A00237CBF /* afd_edit_cancel.png in Resources */ = {isa = PBXBuildFile; fileRef = CCC8A2BC1682DA9A00237CBF /* afd_edit_cancel.png */; };
		CCC8A2FB1682DA9A00237CBF /* afd_edit_del.png in Resources */ = {isa = PBXBuildFile; fileRef = CCC8A2BD1682DA9A00237CBF /* afd_edit_del.png */; };
		CCC8A2FC1682DA9A00237CBF /* afd_edit_selected.png in Resources */ = {isa = PBXBuildFile; fileRef = CCC8A2BE1682DA9A00237CBF /* afd_edit_selected.png */; };
		CCC8A2FD1682DA9A00237CBF /* afd_font_zoomin.png in Resources */ = {isa = PBXBuildFile; fileRef = CCC8A2BF1682DA9A00237CBF /* afd_font_zoomin.png */; };
		CCC8A2FE1682DA9A00237CBF /* afd_font_zoomout.png in Resources */ = {isa = PBXBuildFile; fileRef = CCC8A2C01682DA9A00237CBF /* afd_font_zoomout.png */; };
		CCC8A2FF1682DA9A00237CBF /* afd_fontsize.png in Resources */ = {isa = PBXBuildFile; fileRef = CCC8A2C11682DA9A00237CBF /* afd_fontsize.png */; };
		CCC8A3001682DA9A00237CBF /* afd_green_left.png in Resources */ = {isa = PBXBuildFile; fileRef = CCC8A2C21682DA9A00237CBF /* afd_green_left.png */; };
		CCC8A3011682DA9A00237CBF /* afd_green_right.png in Resources */ = {isa = PBXBuildFile; fileRef = CCC8A2C31682DA9A00237CBF /* afd_green_right.png */; };
		CCC8A3021682DA9A00237CBF /* afd_import_currenth3bg.png in Resources */ = {isa = PBXBuildFile; fileRef = CCC8A2C41682DA9A00237CBF /* afd_import_currenth3bg.png */; };
		CCC8A3031682DA9A00237CBF /* afd_import_h3bg.png in Resources */ = {isa = PBXBuildFile; fileRef = CCC8A2C51682DA9A00237CBF /* afd_import_h3bg.png */; };
		CCC8A3041682DA9A00237CBF /* afd_import_local.png in Resources */ = {isa = PBXBuildFile; fileRef = CCC8A2C61682DA9A00237CBF /* afd_import_local.png */; };
		CCC8A3051682DA9A00237CBF /* afd_import_net.png in Resources */ = {isa = PBXBuildFile; fileRef = CCC8A2C71682DA9A00237CBF /* afd_import_net.png */; };
		CCC8A3061682DA9A00237CBF /* afd_import_popuptabbg.png in Resources */ = {isa = PBXBuildFile; fileRef = CCC8A2C81682DA9A00237CBF /* afd_import_popuptabbg.png */; };
		CCC8A3071682DA9A00237CBF /* afd_import_titlebg.png in Resources */ = {isa = PBXBuildFile; fileRef = CCC8A2C91682DA9A00237CBF /* afd_import_titlebg.png */; };
		CCC8A3081682DA9A00237CBF /* afd_import_wifi.png in Resources */ = {isa = PBXBuildFile; fileRef = CCC8A2CA1682DA9A00237CBF /* afd_import_wifi.png */; };
		CCC8A3091682DA9A00237CBF /* afd_index_add.png in Resources */ = {isa = PBXBuildFile; fileRef = CCC8A2CB1682DA9A00237CBF /* afd_index_add.png */; };
		CCC8A30A1682DA9A00237CBF /* afd_index_bg_image.png in Resources */ = {isa = PBXBuildFile; fileRef = CCC8A2CC1682DA9A00237CBF /* afd_index_bg_image.png */; };
		CCC8A30B1682DA9A00237CBF /* afd_index_bookbase.png in Resources */ = {isa = PBXBuildFile; fileRef = CCC8A2CD1682DA9A00237CBF /* afd_index_bookbase.png */; };
		CCC8A30C1682DA9A00237CBF /* afd_index_edit.png in Resources */ = {isa = PBXBuildFile; fileRef = CCC8A2CE1682DA9A00237CBF /* afd_index_edit.png */; };
		CCC8A30D1682DA9A00237CBF /* afd_index_nav_bg.png in Resources */ = {isa = PBXBuildFile; fileRef = CCC8A2CF1682DA9A00237CBF /* afd_index_nav_bg.png */; };
		CCC8A30E1682DA9A00237CBF /* afd_index_quit.png in Resources */ = {isa = PBXBuildFile; fileRef = CCC8A2D01682DA9A00237CBF /* afd_index_quit.png */; };
		CCC8A30F1682DA9A00237CBF /* afd_next.png in Resources */ = {isa = PBXBuildFile; fileRef = CCC8A2D11682DA9A00237CBF /* afd_next.png */; };
		CCC8A3101682DA9A00237CBF /* afd_night.png in Resources */ = {isa = PBXBuildFile; fileRef = CCC8A2D21682DA9A00237CBF /* afd_night.png */; };
		CCC8A3111682DA9A00237CBF /* afd_prev.png in Resources */ = {isa = PBXBuildFile; fileRef = CCC8A2D31682DA9A00237CBF /* afd_prev.png */; };
		CCC8A3121682DA9A00237CBF /* afd_setting.png in Resources */ = {isa = PBXBuildFile; fileRef = CCC8A2D41682DA9A00237CBF /* afd_setting.png */; };
		CCC8A3131682DA9A00237CBF /* afd_skip.png in Resources */ = {isa = PBXBuildFile; fileRef = CCC8A2D51682DA9A00237CBF /* afd_skip.png */; };
		CCC8A3141682DA9A00237CBF /* afd_tablecontentsbtn.png in Resources */ = {isa = PBXBuildFile; fileRef = CCC8A2D61682DA9A00237CBF /* afd_tablecontentsbtn.png */; };
		CCC8A3151682DA9A00237CBF /* afd_topmenu.png in Resources */ = {isa = PBXBuildFile; fileRef = CCC8A2D71682DA9A00237CBF /* afd_topmenu.png */; };
		CCC8A3161682DA9A00237CBF /* afd_white_left.png in Resources */ = {isa = PBXBuildFile; fileRef = CCC8A2D81682DA9A00237CBF /* afd_white_left.png */; };
		CCC8A3171682DA9A00237CBF /* afd_white_right.png in Resources */ = {isa = PBXBuildFile; fileRef = CCC8A2D91682DA9A00237CBF /* afd_white_right.png */; };
		CCC8A3181682DA9A00237CBF /* backpage.js in Resources */ = {isa = PBXBuildFile; fileRef = CCC8A2DA1682DA9A00237CBF /* backpage.js */; };
		CCC8A3191682DA9A00237CBF /* control.js in Resources */ = {isa = PBXBuildFile; fileRef = CCC8A2DB1682DA9A00237CBF /* control.js */; };
		CCC8A31A1682DA9A00237CBF /* EPubRootViewController.nib in Resources */ = {isa = PBXBuildFile; fileRef = CCC8A2DC1682DA9A00237CBF /* EPubRootViewController.nib */; };
		CCC8A31B1682DA9A00237CBF /* icon.png in Resources */ = {isa = PBXBuildFile; fileRef = CCC8A2DD1682DA9A00237CBF /* icon.png */; };
		CCC8A31C1682DA9A00237CBF /* index.html in Resources */ = {isa = PBXBuildFile; fileRef = CCC8A2DE1682DA9A00237CBF /* index.html */; };
		CCC8A31D1682DA9A00237CBF /* jdb.js in Resources */ = {isa = PBXBuildFile; fileRef = CCC8A2DF1682DA9A00237CBF /* jdb.js */; };
		CCC8A31E1682DA9A00237CBF /* jindex.js in Resources */ = {isa = PBXBuildFile; fileRef = CCC8A2E01682DA9A00237CBF /* jindex.js */; };
		CCC8A31F1682DA9A00237CBF /* jquery.min.js in Resources */ = {isa = PBXBuildFile; fileRef = CCC8A2E11682DA9A00237CBF /* jquery.min.js */; };
		CCC8A3201682DA9A00237CBF /* jsetting.js in Resources */ = {isa = PBXBuildFile; fileRef = CCC8A2E21682DA9A00237CBF /* jsetting.js */; };
		CCC8A3211682DA9A00237CBF /* jtoc.js in Resources */ = {isa = PBXBuildFile; fileRef = CCC8A2E31682DA9A00237CBF /* jtoc.js */; };
		CCC8A3221682DA9A00237CBF /* readpage.css in Resources */ = {isa = PBXBuildFile; fileRef = CCC8A2E41682DA9A00237CBF /* readpage.css */; };
		CCC8A3231682DA9A00237CBF /* setting.html in Resources */ = {isa = PBXBuildFile; fileRef = CCC8A2E51682DA9A00237CBF /* setting.html */; };
		CCC8A3241682DA9A00237CBF /* sindex.css in Resources */ = {isa = PBXBuildFile; fileRef = CCC8A2E61682DA9A00237CBF /* sindex.css */; };
		CCC8A3251682DA9A00237CBF /* ssetting.css in Resources */ = {isa = PBXBuildFile; fileRef = CCC8A2E71682DA9A00237CBF /* ssetting.css */; };
		CCC8A3261682DA9A00237CBF /* stoc.css in Resources */ = {isa = PBXBuildFile; fileRef = CCC8A2E81682DA9A00237CBF /* stoc.css */; };
		CCC8A3271682DA9A00237CBF /* toc.html in Resources */ = {isa = PBXBuildFile; fileRef = CCC8A2E91682DA9A00237CBF /* toc.html */; };
		CCE978611664BB1400E2461C /* libsqlite3.dylib in Frameworks */ = {isa = PBXBuildFile; fileRef = CCE978601664BB1400E2461C /* libsqlite3.dylib */; };
/* End PBXBuildFile section */

/* Begin PBXFileReference section */
		4F6AFB3715EB44B400409926 /* AnFengDe_EPUB_SDK.framework */ = {isa = PBXFileReference; lastKnownFileType = wrapper.framework; name = AnFengDe_EPUB_SDK.framework; path = ../lib/AnFengDe_EPUB_SDK.framework; sourceTree = "<group>"; };
		4F8BA0B315E5D8B5004B7B96 /* AudioToolbox.framework */ = {isa = PBXFileReference; lastKnownFileType = wrapper.framework; name = AudioToolbox.framework; path = System/Library/Frameworks/AudioToolbox.framework; sourceTree = SDKROOT; };
		4F8BA0B615E5D8BE004B7B96 /* SystemConfiguration.framework */ = {isa = PBXFileReference; lastKnownFileType = wrapper.framework; name = SystemConfiguration.framework; path = System/Library/Frameworks/SystemConfiguration.framework; sourceTree = SDKROOT; };
		4F8BA0B815E5D8C9004B7B96 /* MessageUI.framework */ = {isa = PBXFileReference; lastKnownFileType = wrapper.framework; name = MessageUI.framework; path = System/Library/Frameworks/MessageUI.framework; sourceTree = SDKROOT; };
		4F8BA0BA15E5D8D4004B7B96 /* MediaPlayer.framework */ = {isa = PBXFileReference; lastKnownFileType = wrapper.framework; name = MediaPlayer.framework; path = System/Library/Frameworks/MediaPlayer.framework; sourceTree = SDKROOT; };
		4FD8095115C93E270065448B /* Example.app */ = {isa = PBXFileReference; explicitFileType = wrapper.application; includeInIndex = 0; path = Example.app; sourceTree = BUILT_PRODUCTS_DIR; };
		4FD8095515C93E270065448B /* UIKit.framework */ = {isa = PBXFileReference; lastKnownFileType = wrapper.framework; name = UIKit.framework; path = System/Library/Frameworks/UIKit.framework; sourceTree = SDKROOT; };
		4FD8095715C93E270065448B /* Foundation.framework */ = {isa = PBXFileReference; lastKnownFileType = wrapper.framework; name = Foundation.framework; path = System/Library/Frameworks/Foundation.framework; sourceTree = SDKROOT; };
		4FD8095915C93E270065448B /* CoreGraphics.framework */ = {isa = PBXFileReference; lastKnownFileType = wrapper.framework; name = CoreGraphics.framework; path = System/Library/Frameworks/CoreGraphics.framework; sourceTree = SDKROOT; };
		4FD8095D15C93E270065448B /* Example-Info.plist */ = {isa = PBXFileReference; lastKnownFileType = text.plist.xml; path = "Example-Info.plist"; sourceTree = "<group>"; };
		4FD8095F15C93E270065448B /* en */ = {isa = PBXFileReference; lastKnownFileType = text.plist.strings; name = en; path = en.lproj/InfoPlist.strings; sourceTree = "<group>"; };
		4FD8096115C93E270065448B /* main.m */ = {isa = PBXFileReference; lastKnownFileType = sourcecode.c.objc; path = main.m; sourceTree = "<group>"; };
		4FD8096315C93E270065448B /* Example-Prefix.pch */ = {isa = PBXFileReference; lastKnownFileType = sourcecode.c.h; path = "Example-Prefix.pch"; sourceTree = "<group>"; };
		4FD8096415C93E270065448B /* AppDelegate.h */ = {isa = PBXFileReference; lastKnownFileType = sourcecode.c.h; path = AppDelegate.h; sourceTree = "<group>"; };
		4FD8096515C93E270065448B /* AppDelegate.m */ = {isa = PBXFileReference; lastKnownFileType = sourcecode.c.objc; path = AppDelegate.m; sourceTree = "<group>"; };
		4FD8099E15C943B20065448B /* testBook.epub */ = {isa = PBXFileReference; lastKnownFileType = file; path = testBook.epub; sourceTree = "<group>"; };
		CC0662981615AA4F0086E897 /* siddhartha3.epub */ = {isa = PBXFileReference; lastKnownFileType = file; path = siddhartha3.epub; sourceTree = "<group>"; };
		CC7A14951607261E000E2008 /* igpn-28languages-01-EPUB3.epub */ = {isa = PBXFileReference; lastKnownFileType = file; path = "igpn-28languages-01-EPUB3.epub"; sourceTree = "<group>"; };
		CCC8A2AB1682DA9A00237CBF /* AnFengDe_EPUB_UI.framework */ = {isa = PBXFileReference; lastKnownFileType = wrapper.framework; path = AnFengDe_EPUB_UI.framework; sourceTree = "<group>"; };
		CCC8A2AD1682DA9A00237CBF /* afd.sqlite */ = {isa = PBXFileReference; lastKnownFileType = file; path = afd.sqlite; sourceTree = "<group>"; };
		CCC8A2AE1682DA9A00237CBF /* afd_back.png */ = {isa = PBXFileReference; lastKnownFileType = image.png; path = afd_back.png; sourceTree = "<group>"; };
		CCC8A2AF1682DA9A00237CBF /* afd_backreadview.png */ = {isa = PBXFileReference; lastKnownFileType = image.png; path = afd_backreadview.png; sourceTree = "<group>"; };
		CCC8A2B01682DA9A00237CBF /* afd_bookmark.png */ = {isa = PBXFileReference; lastKnownFileType = image.png; path = afd_bookmark.png; sourceTree = "<group>"; };
		CCC8A2B11682DA9A00237CBF /* afd_bookmark_yellow.png */ = {isa = PBXFileReference; lastKnownFileType = image.png; path = afd_bookmark_yellow.png; sourceTree = "<group>"; };
		CCC8A2B21682DA9A00237CBF /* afd_bright.png */ = {isa = PBXFileReference; lastKnownFileType = image.png; path = afd_bright.png; sourceTree = "<group>"; };
		CCC8A2B31682DA9A00237CBF /* afd_coverimg.png */ = {isa = PBXFileReference; lastKnownFileType = image.png; path = afd_coverimg.png; sourceTree = "<group>"; };
		CCC8A2B41682DA9A00237CBF /* afd_day.png */ = {isa = PBXFileReference; lastKnownFileType = image.png; path = afd_day.png; sourceTree = "<group>"; };
		CCC8A2B51682DA9A00237CBF /* afd_delete.png */ = {isa = PBXFileReference; lastKnownFileType = image.png; path = afd_delete.png; sourceTree = "<group>"; };
		CCC8A2B61682DA9A00237CBF /* afd_deletebg.png */ = {isa = PBXFileReference; lastKnownFileType = image.png; path = afd_deletebg.png; sourceTree = "<group>"; };
		CCC8A2B71682DA9A00237CBF /* afd_divide.png */ = {isa = PBXFileReference; lastKnownFileType = image.png; path = afd_divide.png; sourceTree = "<group>"; };
		CCC8A2B81682DA9A00237CBF /* afd_drug.png */ = {isa = PBXFileReference; lastKnownFileType = image.png; path = afd_drug.png; sourceTree = "<group>"; };
		CCC8A2B91682DA9A00237CBF /* afd_edit_all.png */ = {isa = PBXFileReference; lastKnownFileType = image.png; path = afd_edit_all.png; sourceTree = "<group>"; };
		CCC8A2BA1682DA9A00237CBF /* afd_edit_allorang.png */ = {isa = PBXFileReference; lastKnownFileType = image.png; path = afd_edit_allorang.png; sourceTree = "<group>"; };
		CCC8A2BB1682DA9A00237CBF /* afd_edit_back.png */ = {isa = PBXFileReference; lastKnownFileType = image.png; path = afd_edit_back.png; sourceTree = "<group>"; };
		CCC8A2BC1682DA9A00237CBF /* afd_edit_cancel.png */ = {isa = PBXFileReference; lastKnownFileType = image.png; path = afd_edit_cancel.png; sourceTree = "<group>"; };
		CCC8A2BD1682DA9A00237CBF /* afd_edit_del.png */ = {isa = PBXFileReference; lastKnownFileType = image.png; path = afd_edit_del.png; sourceTree = "<group>"; };
		CCC8A2BE1682DA9A00237CBF /* afd_edit_selected.png */ = {isa = PBXFileReference; lastKnownFileType = image.png; path = afd_edit_selected.png; sourceTree = "<group>"; };
		CCC8A2BF1682DA9A00237CBF /* afd_font_zoomin.png */ = {isa = PBXFileReference; lastKnownFileType = image.png; path = afd_font_zoomin.png; sourceTree = "<group>"; };
		CCC8A2C01682DA9A00237CBF /* afd_font_zoomout.png */ = {isa = PBXFileReference; lastKnownFileType = image.png; path = afd_font_zoomout.png; sourceTree = "<group>"; };
		CCC8A2C11682DA9A00237CBF /* afd_fontsize.png */ = {isa = PBXFileReference; lastKnownFileType = image.png; path = afd_fontsize.png; sourceTree = "<group>"; };
		CCC8A2C21682DA9A00237CBF /* afd_green_left.png */ = {isa = PBXFileReference; lastKnownFileType = image.png; path = afd_green_left.png; sourceTree = "<group>"; };
		CCC8A2C31682DA9A00237CBF /* afd_green_right.png */ = {isa = PBXFileReference; lastKnownFileType = image.png; path = afd_green_right.png; sourceTree = "<group>"; };
		CCC8A2C41682DA9A00237CBF /* afd_import_currenth3bg.png */ = {isa = PBXFileReference; lastKnownFileType = image.png; path = afd_import_currenth3bg.png; sourceTree = "<group>"; };
		CCC8A2C51682DA9A00237CBF /* afd_import_h3bg.png */ = {isa = PBXFileReference; lastKnownFileType = image.png; path = afd_import_h3bg.png; sourceTree = "<group>"; };
		CCC8A2C61682DA9A00237CBF /* afd_import_local.png */ = {isa = PBXFileReference; lastKnownFileType = image.png; path = afd_import_local.png; sourceTree = "<group>"; };
		CCC8A2C71682DA9A00237CBF /* afd_import_net.png */ = {isa = PBXFileReference; lastKnownFileType = image.png; path = afd_import_net.png; sourceTree = "<group>"; };
		CCC8A2C81682DA9A00237CBF /* afd_import_popuptabbg.png */ = {isa = PBXFileReference; lastKnownFileType = image.png; path = afd_import_popuptabbg.png; sourceTree = "<group>"; };
		CCC8A2C91682DA9A00237CBF /* afd_import_titlebg.png */ = {isa = PBXFileReference; lastKnownFileType = image.png; path = afd_import_titlebg.png; sourceTree = "<group>"; };
		CCC8A2CA1682DA9A00237CBF /* afd_import_wifi.png */ = {isa = PBXFileReference; lastKnownFileType = image.png; path = afd_import_wifi.png; sourceTree = "<group>"; };
		CCC8A2CB1682DA9A00237CBF /* afd_index_add.png */ = {isa = PBXFileReference; lastKnownFileType = image.png; path = afd_index_add.png; sourceTree = "<group>"; };
		CCC8A2CC1682DA9A00237CBF /* afd_index_bg_image.png */ = {isa = PBXFileReference; lastKnownFileType = image.png; path = afd_index_bg_image.png; sourceTree = "<group>"; };
		CCC8A2CD1682DA9A00237CBF /* afd_index_bookbase.png */ = {isa = PBXFileReference; lastKnownFileType = image.png; path = afd_index_bookbase.png; sourceTree = "<group>"; };
		CCC8A2CE1682DA9A00237CBF /* afd_index_edit.png */ = {isa = PBXFileReference; lastKnownFileType = image.png; path = afd_index_edit.png; sourceTree = "<group>"; };
		CCC8A2CF1682DA9A00237CBF /* afd_index_nav_bg.png */ = {isa = PBXFileReference; lastKnownFileType = image.png; path = afd_index_nav_bg.png; sourceTree = "<group>"; };
		CCC8A2D01682DA9A00237CBF /* afd_index_quit.png */ = {isa = PBXFileReference; lastKnownFileType = image.png; path = afd_index_quit.png; sourceTree = "<group>"; };
		CCC8A2D11682DA9A00237CBF /* afd_next.png */ = {isa = PBXFileReference; lastKnownFileType = image.png; path = afd_next.png; sourceTree = "<group>"; };
		CCC8A2D21682DA9A00237CBF /* afd_night.png */ = {isa = PBXFileReference; lastKnownFileType = image.png; path = afd_night.png; sourceTree = "<group>"; };
		CCC8A2D31682DA9A00237CBF /* afd_prev.png */ = {isa = PBXFileReference; lastKnownFileType = image.png; path = afd_prev.png; sourceTree = "<group>"; };
		CCC8A2D41682DA9A00237CBF /* afd_setting.png */ = {isa = PBXFileReference; lastKnownFileType = image.png; path = afd_setting.png; sourceTree = "<group>"; };
		CCC8A2D51682DA9A00237CBF /* afd_skip.png */ = {isa = PBXFileReference; lastKnownFileType = image.png; path = afd_skip.png; sourceTree = "<group>"; };
		CCC8A2D61682DA9A00237CBF /* afd_tablecontentsbtn.png */ = {isa = PBXFileReference; lastKnownFileType = image.png; path = afd_tablecontentsbtn.png; sourceTree = "<group>"; };
		CCC8A2D71682DA9A00237CBF /* afd_topmenu.png */ = {isa = PBXFileReference; lastKnownFileType = image.png; path = afd_topmenu.png; sourceTree = "<group>"; };
		CCC8A2D81682DA9A00237CBF /* afd_white_left.png */ = {isa = PBXFileReference; lastKnownFileType = image.png; path = afd_white_left.png; sourceTree = "<group>"; };
		CCC8A2D91682DA9A00237CBF /* afd_white_right.png */ = {isa = PBXFileReference; lastKnownFileType = image.png; path = afd_white_right.png; sourceTree = "<group>"; };
		CCC8A2DA1682DA9A00237CBF /* backpage.js */ = {isa = PBXFileReference; fileEncoding = 4; lastKnownFileType = sourcecode.javascript; path = backpage.js; sourceTree = "<group>"; };
		CCC8A2DB1682DA9A00237CBF /* control.js */ = {isa = PBXFileReference; fileEncoding = 4; lastKnownFileType = sourcecode.javascript; path = control.js; sourceTree = "<group>"; };
		CCC8A2DC1682DA9A00237CBF /* EPubRootViewController.nib */ = {isa = PBXFileReference; lastKnownFileType = file; path = EPubRootViewController.nib; sourceTree = "<group>"; };
		CCC8A2DD1682DA9A00237CBF /* icon.png */ = {isa = PBXFileReference; lastKnownFileType = image.png; path = icon.png; sourceTree = "<group>"; };
		CCC8A2DE1682DA9A00237CBF /* index.html */ = {isa = PBXFileReference; fileEncoding = 4; lastKnownFileType = text.html; path = index.html; sourceTree = "<group>"; };
		CCC8A2DF1682DA9A00237CBF /* jdb.js */ = {isa = PBXFileReference; fileEncoding = 4; lastKnownFileType = sourcecode.javascript; path = jdb.js; sourceTree = "<group>"; };
		CCC8A2E01682DA9A00237CBF /* jindex.js */ = {isa = PBXFileReference; fileEncoding = 4; lastKnownFileType = sourcecode.javascript; path = jindex.js; sourceTree = "<group>"; };
		CCC8A2E11682DA9A00237CBF /* jquery.min.js */ = {isa = PBXFileReference; fileEncoding = 4; lastKnownFileType = sourcecode.javascript; path = jquery.min.js; sourceTree = "<group>"; };
		CCC8A2E21682DA9A00237CBF /* jsetting.js */ = {isa = PBXFileReference; fileEncoding = 4; lastKnownFileType = sourcecode.javascript; path = jsetting.js; sourceTree = "<group>"; };
		CCC8A2E31682DA9A00237CBF /* jtoc.js */ = {isa = PBXFileReference; fileEncoding = 4; lastKnownFileType = sourcecode.javascript; path = jtoc.js; sourceTree = "<group>"; };
		CCC8A2E41682DA9A00237CBF /* readpage.css */ = {isa = PBXFileReference; fileEncoding = 4; lastKnownFileType = text.css; path = readpage.css; sourceTree = "<group>"; };
		CCC8A2E51682DA9A00237CBF /* setting.html */ = {isa = PBXFileReference; fileEncoding = 4; lastKnownFileType = text.html; path = setting.html; sourceTree = "<group>"; };
		CCC8A2E61682DA9A00237CBF /* sindex.css */ = {isa = PBXFileReference; fileEncoding = 4; lastKnownFileType = text.css; path = sindex.css; sourceTree = "<group>"; };
		CCC8A2E71682DA9A00237CBF /* ssetting.css */ = {isa = PBXFileReference; fileEncoding = 4; lastKnownFileType = text.css; path = ssetting.css; sourceTree = "<group>"; };
		CCC8A2E81682DA9A00237CBF /* stoc.css */ = {isa = PBXFileReference; fileEncoding = 4; lastKnownFileType = text.css; path = stoc.css; sourceTree = "<group>"; };
		CCC8A2E91682DA9A00237CBF /* toc.html */ = {isa = PBXFileReference; fileEncoding = 4; lastKnownFileType = text.html; path = toc.html; sourceTree = "<group>"; };
		CCE978601664BB1400E2461C /* libsqlite3.dylib */ = {isa = PBXFileReference; lastKnownFileType = "compiled.mach-o.dylib"; name = libsqlite3.dylib; path = usr/lib/libsqlite3.dylib; sourceTree = SDKROOT; };
/* End PBXFileReference section */

/* Begin PBXFrameworksBuildPhase section */
		4FD8094E15C93E270065448B /* Frameworks */ = {
			isa = PBXFrameworksBuildPhase;
			buildActionMask = 2147483647;
			files = (
				CCE978611664BB1400E2461C /* libsqlite3.dylib in Frameworks */,
				4F8BA0BB15E5D8D4004B7B96 /* MediaPlayer.framework in Frameworks */,
				4F8BA0B915E5D8CA004B7B96 /* MessageUI.framework in Frameworks */,
				4F8BA0B715E5D8BE004B7B96 /* SystemConfiguration.framework in Frameworks */,
				4F8BA0B415E5D8B5004B7B96 /* AudioToolbox.framework in Frameworks */,
				4FD8095615C93E270065448B /* UIKit.framework in Frameworks */,
				4FD8095815C93E270065448B /* Foundation.framework in Frameworks */,
				4FD8095A15C93E270065448B /* CoreGraphics.framework in Frameworks */,
				4F6AFB3815EB44B400409926 /* AnFengDe_EPUB_SDK.framework in Frameworks */,
				CCC8A2EA1682DA9A00237CBF /* AnFengDe_EPUB_UI.framework in Frameworks */,
			);
			runOnlyForDeploymentPostprocessing = 0;
		};
/* End PBXFrameworksBuildPhase section */

/* Begin PBXGroup section */
		4FD8094615C93E270065448B = {
			isa = PBXGroup;
			children = (
				CC7A14951607261E000E2008 /* igpn-28languages-01-EPUB3.epub */,
				4FD8099E15C943B20065448B /* testBook.epub */,
				CC0662981615AA4F0086E897 /* siddhartha3.epub */,
				4FD8095B15C93E270065448B /* Example */,
				4FD8095415C93E270065448B /* Frameworks */,
				4FD8095215C93E270065448B /* Products */,
			);
			sourceTree = "<group>";
		};
		4FD8095215C93E270065448B /* Products */ = {
			isa = PBXGroup;
			children = (
				4FD8095115C93E270065448B /* Example.app */,
			);
			name = Products;
			sourceTree = "<group>";
		};
		4FD8095415C93E270065448B /* Frameworks */ = {
			isa = PBXGroup;
			children = (
				CCE978601664BB1400E2461C /* libsqlite3.dylib */,
				4F8BA0BA15E5D8D4004B7B96 /* MediaPlayer.framework */,
				4F8BA0B815E5D8C9004B7B96 /* MessageUI.framework */,
				4F8BA0B615E5D8BE004B7B96 /* SystemConfiguration.framework */,
				4F8BA0B315E5D8B5004B7B96 /* AudioToolbox.framework */,
				CCC8A2AA1682DA9A00237CBF /* AnFengDe_EPUB_UI.embeddedframework */,
				4F6AFB3715EB44B400409926 /* AnFengDe_EPUB_SDK.framework */,
				4FD8095515C93E270065448B /* UIKit.framework */,
				4FD8095715C93E270065448B /* Foundation.framework */,
				4FD8095915C93E270065448B /* CoreGraphics.framework */,
			);
			name = Frameworks;
			sourceTree = "<group>";
		};
		4FD8095B15C93E270065448B /* Example */ = {
			isa = PBXGroup;
			children = (
				4FD8096415C93E270065448B /* AppDelegate.h */,
				4FD8096515C93E270065448B /* AppDelegate.m */,
				4FD8095C15C93E270065448B /* Supporting Files */,
			);
			path = Example;
			sourceTree = "<group>";
		};
		4FD8095C15C93E270065448B /* Supporting Files */ = {
			isa = PBXGroup;
			children = (
				4FD8095D15C93E270065448B /* Example-Info.plist */,
				4FD8095E15C93E270065448B /* InfoPlist.strings */,
				4FD8096115C93E270065448B /* main.m */,
				4FD8096315C93E270065448B /* Example-Prefix.pch */,
			);
			name = "Supporting Files";
			sourceTree = "<group>";
		};
		CCC8A2AA1682DA9A00237CBF /* AnFengDe_EPUB_UI.embeddedframework */ = {
			isa = PBXGroup;
			children = (
				CCC8A2AB1682DA9A00237CBF /* AnFengDe_EPUB_UI.framework */,
				CCC8A2AC1682DA9A00237CBF /* Resources */,
			);
			name = AnFengDe_EPUB_UI.embeddedframework;
			path = ../lib/AnFengDe_EPUB_UI.embeddedframework;
			sourceTree = "<group>";
		};
		CCC8A2AC1682DA9A00237CBF /* Resources */ = {
			isa = PBXGroup;
			children = (
				CCC8A2AD1682DA9A00237CBF /* afd.sqlite */,
				CCC8A2AE1682DA9A00237CBF /* afd_back.png */,
				CCC8A2AF1682DA9A00237CBF /* afd_backreadview.png */,
				CCC8A2B01682DA9A00237CBF /* afd_bookmark.png */,
				CCC8A2B11682DA9A00237CBF /* afd_bookmark_yellow.png */,
				CCC8A2B21682DA9A00237CBF /* afd_bright.png */,
				CCC8A2B31682DA9A00237CBF /* afd_coverimg.png */,
				CCC8A2B41682DA9A00237CBF /* afd_day.png */,
				CCC8A2B51682DA9A00237CBF /* afd_delete.png */,
				CCC8A2B61682DA9A00237CBF /* afd_deletebg.png */,
				CCC8A2B71682DA9A00237CBF /* afd_divide.png */,
				CCC8A2B81682DA9A00237CBF /* afd_drug.png */,
				CCC8A2B91682DA9A00237CBF /* afd_edit_all.png */,
				CCC8A2BA1682DA9A00237CBF /* afd_edit_allorang.png */,
				CCC8A2BB1682DA9A00237CBF /* afd_edit_back.png */,
				CCC8A2BC1682DA9A00237CBF /* afd_edit_cancel.png */,
				CCC8A2BD1682DA9A00237CBF /* afd_edit_del.png */,
				CCC8A2BE1682DA9A00237CBF /* afd_edit_selected.png */,
				CCC8A2BF1682DA9A00237CBF /* afd_font_zoomin.png */,
				CCC8A2C01682DA9A00237CBF /* afd_font_zoomout.png */,
				CCC8A2C11682DA9A00237CBF /* afd_fontsize.png */,
				CCC8A2C21682DA9A00237CBF /* afd_green_left.png */,
				CCC8A2C31682DA9A00237CBF /* afd_green_right.png */,
				CCC8A2C41682DA9A00237CBF /* afd_import_currenth3bg.png */,
				CCC8A2C51682DA9A00237CBF /* afd_import_h3bg.png */,
				CCC8A2C61682DA9A00237CBF /* afd_import_local.png */,
				CCC8A2C71682DA9A00237CBF /* afd_import_net.png */,
				CCC8A2C81682DA9A00237CBF /* afd_import_popuptabbg.png */,
				CCC8A2C91682DA9A00237CBF /* afd_import_titlebg.png */,
				CCC8A2CA1682DA9A00237CBF /* afd_import_wifi.png */,
				CCC8A2CB1682DA9A00237CBF /* afd_index_add.png */,
				CCC8A2CC1682DA9A00237CBF /* afd_index_bg_image.png */,
				CCC8A2CD1682DA9A00237CBF /* afd_index_bookbase.png */,
				CCC8A2CE1682DA9A00237CBF /* afd_index_edit.png */,
				CCC8A2CF1682DA9A00237CBF /* afd_index_nav_bg.png */,
				CCC8A2D01682DA9A00237CBF /* afd_index_quit.png */,
				CCC8A2D11682DA9A00237CBF /* afd_next.png */,
				CCC8A2D21682DA9A00237CBF /* afd_night.png */,
				CCC8A2D31682DA9A00237CBF /* afd_prev.png */,
				CCC8A2D41682DA9A00237CBF /* afd_setting.png */,
				CCC8A2D51682DA9A00237CBF /* afd_skip.png */,
				CCC8A2D61682DA9A00237CBF /* afd_tablecontentsbtn.png */,
				CCC8A2D71682DA9A00237CBF /* afd_topmenu.png */,
				CCC8A2D81682DA9A00237CBF /* afd_white_left.png */,
				CCC8A2D91682DA9A00237CBF /* afd_white_right.png */,
				CCC8A2DA1682DA9A00237CBF /* backpage.js */,
				CCC8A2DB1682DA9A00237CBF /* control.js */,
				CCC8A2DC1682DA9A00237CBF /* EPubRootViewController.nib */,
				CCC8A2DD1682DA9A00237CBF /* icon.png */,
				CCC8A2DE1682DA9A00237CBF /* index.html */,
				CCC8A2DF1682DA9A00237CBF /* jdb.js */,
				CCC8A2E01682DA9A00237CBF /* jindex.js */,
				CCC8A2E11682DA9A00237CBF /* jquery.min.js */,
				CCC8A2E21682DA9A00237CBF /* jsetting.js */,
				CCC8A2E31682DA9A00237CBF /* jtoc.js */,
				CCC8A2E41682DA9A00237CBF /* readpage.css */,
				CCC8A2E51682DA9A00237CBF /* setting.html */,
				CCC8A2E61682DA9A00237CBF /* sindex.css */,
				CCC8A2E71682DA9A00237CBF /* ssetting.css */,
				CCC8A2E81682DA9A00237CBF /* stoc.css */,
				CCC8A2E91682DA9A00237CBF /* toc.html */,
			);
			path = Resources;
			sourceTree = "<group>";
		};
/* End PBXGroup section */

/* Begin PBXNativeTarget section */
		4FD8095015C93E270065448B /* Example */ = {
			isa = PBXNativeTarget;
			buildConfigurationList = 4FD8096F15C93E270065448B /* Build configuration list for PBXNativeTarget "Example" */;
			buildPhases = (
				4FD8094D15C93E270065448B /* Sources */,
				4FD8094E15C93E270065448B /* Frameworks */,
				4FD8094F15C93E270065448B /* Resources */,
			);
			buildRules = (
			);
			dependencies = (
			);
			name = Example;
			productName = Example;
			productReference = 4FD8095115C93E270065448B /* Example.app */;
			productType = "com.apple.product-type.application";
		};
/* End PBXNativeTarget section */

/* Begin PBXProject section */
		4FD8094815C93E270065448B /* Project object */ = {
			isa = PBXProject;
			attributes = {
				LastUpgradeCheck = 0420;
			};
			buildConfigurationList = 4FD8094B15C93E270065448B /* Build configuration list for PBXProject "Example" */;
			compatibilityVersion = "Xcode 3.2";
			developmentRegion = English;
			hasScannedForEncodings = 0;
			knownRegions = (
				en,
			);
			mainGroup = 4FD8094615C93E270065448B;
			productRefGroup = 4FD8095215C93E270065448B /* Products */;
			projectDirPath = "";
			projectRoot = "";
			targets = (
				4FD8095015C93E270065448B /* Example */,
			);
		};
/* End PBXProject section */

/* Begin PBXResourcesBuildPhase section */
		4FD8094F15C93E270065448B /* Resources */ = {
			isa = PBXResourcesBuildPhase;
			buildActionMask = 2147483647;
			files = (
				4FD8096015C93E270065448B /* InfoPlist.strings in Resources */,
				CCC8A3181682DA9A00237CBF /* backpage.js in Resources */,
				CCC8A3191682DA9A00237CBF /* control.js in Resources */,
				CCC8A31D1682DA9A00237CBF /* jdb.js in Resources */,
				CCC8A31E1682DA9A00237CBF /* jindex.js in Resources */,
				CCC8A31F1682DA9A00237CBF /* jquery.min.js in Resources */,
				CCC8A3201682DA9A00237CBF /* jsetting.js in Resources */,
				CCC8A3211682DA9A00237CBF /* jtoc.js in Resources */,
				4FD8099F15C943B20065448B /* testBook.epub in Resources */,
				CC7A14961607261E000E2008 /* igpn-28languages-01-EPUB3.epub in Resources */,
				CC0662991615AA4F0086E897 /* siddhartha3.epub in Resources */,
				CCC8A2EB1682DA9A00237CBF /* afd.sqlite in Resources */,
				CCC8A2EC1682DA9A00237CBF /* afd_back.png in Resources */,
				CCC8A2ED1682DA9A00237CBF /* afd_backreadview.png in Resources */,
				CCC8A2EE1682DA9A00237CBF /* afd_bookmark.png in Resources */,
				CCC8A2EF1682DA9A00237CBF /* afd_bookmark_yellow.png in Resources */,
				CCC8A2F01682DA9A00237CBF /* afd_bright.png in Resources */,
				CCC8A2F11682DA9A00237CBF /* afd_coverimg.png in Resources */,
				CCC8A2F21682DA9A00237CBF /* afd_day.png in Resources */,
				CCC8A2F31682DA9A00237CBF /* afd_delete.png in Resources */,
				CCC8A2F41682DA9A00237CBF /* afd_deletebg.png in Resources */,
				CCC8A2F51682DA9A00237CBF /* afd_divide.png in Resources */,
				CCC8A2F61682DA9A00237CBF /* afd_drug.png in Resources */,
				CCC8A2F71682DA9A00237CBF /* afd_edit_all.png in Resources */,
				CCC8A2F81682DA9A00237CBF /* afd_edit_allorang.png in Resources */,
				CCC8A2F91682DA9A00237CBF /* afd_edit_back.png in Resources */,
				CCC8A2FA1682DA9A00237CBF /* afd_edit_cancel.png in Resources */,
				CCC8A2FB1682DA9A00237CBF /* afd_edit_del.png in Resources */,
				CCC8A2FC1682DA9A00237CBF /* afd_edit_selected.png in Resources */,
				CCC8A2FD1682DA9A00237CBF /* afd_font_zoomin.png in Resources */,
				CCC8A2FE1682DA9A00237CBF /* afd_font_zoomout.png in Resources */,
				CCC8A2FF1682DA9A00237CBF /* afd_fontsize.png in Resources */,
				CCC8A3001682DA9A00237CBF /* afd_green_left.png in Resources */,
				CCC8A3011682DA9A00237CBF /* afd_green_right.png in Resources */,
				CCC8A3021682DA9A00237CBF /* afd_import_currenth3bg.png in Resources */,
				CCC8A3031682DA9A00237CBF /* afd_import_h3bg.png in Resources */,
				CCC8A3041682DA9A00237CBF /* afd_import_local.png in Resources */,
				CCC8A3051682DA9A00237CBF /* afd_import_net.png in Resources */,
				CCC8A3061682DA9A00237CBF /* afd_import_popuptabbg.png in Resources */,
				CCC8A3071682DA9A00237CBF /* afd_import_titlebg.png in Resources */,
				CCC8A3081682DA9A00237CBF /* afd_import_wifi.png in Resources */,
				CCC8A3091682DA9A00237CBF /* afd_index_add.png in Resources */,
				CCC8A30A1682DA9A00237CBF /* afd_index_bg_image.png in Resources */,
				CCC8A30B1682DA9A00237CBF /* afd_index_bookbase.png in Resources */,
				CCC8A30C1682DA9A00237CBF /* afd_index_edit.png in Resources */,
				CCC8A30D1682DA9A00237CBF /* afd_index_nav_bg.png in Resources */,
				CCC8A30E1682DA9A00237CBF /* afd_index_quit.png in Resources */,
				CCC8A30F1682DA9A00237CBF /* afd_next.png in Resources */,
				CCC8A3101682DA9A00237CBF /* afd_night.png in Resources */,
				CCC8A3111682DA9A00237CBF /* afd_prev.png in Resources */,
				CCC8A3121682DA9A00237CBF /* afd_setting.png in Resources */,
				CCC8A3131682DA9A00237CBF /* afd_skip.png in Resources */,
				CCC8A3141682DA9A00237CBF /* afd_tablecontentsbtn.png in Resources */,
				CCC8A3151682DA9A00237CBF /* afd_topmenu.png in Resources */,
				CCC8A3161682DA9A00237CBF /* afd_white_left.png in Resources */,
				CCC8A3171682DA9A00237CBF /* afd_white_right.png in Resources */,
				CCC8A31A1682DA9A00237CBF /* EPubRootViewController.nib in Resources */,
				CCC8A31B1682DA9A00237CBF /* icon.png in Resources */,
				CCC8A31C1682DA9A00237CBF /* index.html in Resources */,
				CCC8A3221682DA9A00237CBF /* readpage.css in Resources */,
				CCC8A3231682DA9A00237CBF /* setting.html in Resources */,
				CCC8A3241682DA9A00237CBF /* sindex.css in Resources */,
				CCC8A3251682DA9A00237CBF /* ssetting.css in Resources */,
				CCC8A3261682DA9A00237CBF /* stoc.css in Resources */,
				CCC8A3271682DA9A00237CBF /* toc.html in Resources */,
			);
			runOnlyForDeploymentPostprocessing = 0;
		};
/* End PBXResourcesBuildPhase section */

/* Begin PBXSourcesBuildPhase section */
		4FD8094D15C93E270065448B /* Sources */ = {
			isa = PBXSourcesBuildPhase;
			buildActionMask = 2147483647;
			files = (
				4FD8096215C93E270065448B /* main.m in Sources */,
				4FD8096615C93E270065448B /* AppDelegate.m in Sources */,
			);
			runOnlyForDeploymentPostprocessing = 0;
		};
/* End PBXSourcesBuildPhase section */

/* Begin PBXVariantGroup section */
		4FD8095E15C93E270065448B /* InfoPlist.strings */ = {
			isa = PBXVariantGroup;
			children = (
				4FD8095F15C93E270065448B /* en */,
			);
			name = InfoPlist.strings;
			sourceTree = "<group>";
		};
/* End PBXVariantGroup section */

/* Begin XCBuildConfiguration section */
		4FD8096D15C93E270065448B /* Debug */ = {
			isa = XCBuildConfiguration;
			buildSettings = {
				ALWAYS_SEARCH_USER_PATHS = NO;
				ARCHS = "$(ARCHS_STANDARD_32_BIT)";
				CLANG_ENABLE_OBJC_ARC = YES;
				"CODE_SIGN_IDENTITY[sdk=iphoneos*]" = "iPhone Developer";
				COPY_PHASE_STRIP = NO;
				GCC_C_LANGUAGE_STANDARD = gnu99;
				GCC_DYNAMIC_NO_PIC = NO;
				GCC_OPTIMIZATION_LEVEL = 0;
				GCC_PREPROCESSOR_DEFINITIONS = (
					"DEBUG=1",
					"$(inherited)",
				);
				GCC_SYMBOLS_PRIVATE_EXTERN = NO;
				GCC_VERSION = com.apple.compilers.llvm.clang.1_0;
				GCC_WARN_ABOUT_MISSING_PROTOTYPES = YES;
				GCC_WARN_ABOUT_RETURN_TYPE = YES;
				GCC_WARN_UNUSED_VARIABLE = YES;
				IPHONEOS_DEPLOYMENT_TARGET = 5.0;
				SDKROOT = iphoneos;
			};
			name = Debug;
		};
		4FD8096E15C93E270065448B /* Release */ = {
			isa = XCBuildConfiguration;
			buildSettings = {
				ALWAYS_SEARCH_USER_PATHS = NO;
				ARCHS = "$(ARCHS_STANDARD_32_BIT)";
				CLANG_ENABLE_OBJC_ARC = YES;
				"CODE_SIGN_IDENTITY[sdk=iphoneos*]" = "iPhone Developer";
				COPY_PHASE_STRIP = YES;
				GCC_C_LANGUAGE_STANDARD = gnu99;
				GCC_VERSION = com.apple.compilers.llvm.clang.1_0;
				GCC_WARN_ABOUT_MISSING_PROTOTYPES = YES;
				GCC_WARN_ABOUT_RETURN_TYPE = YES;
				GCC_WARN_UNUSED_VARIABLE = YES;
				IPHONEOS_DEPLOYMENT_TARGET = 5.0;
				OTHER_CFLAGS = "-DNS_BLOCK_ASSERTIONS=1";
				SDKROOT = iphoneos;
				VALIDATE_PRODUCT = YES;
			};
			name = Release;
		};
		4FD8097015C93E270065448B /* Debug */ = {
			isa = XCBuildConfiguration;
			buildSettings = {
				FRAMEWORK_SEARCH_PATHS = (
					"$(inherited)",
					"\"$(SRCROOT)/../lib/AnFengDe_EPUB_UI.embeddedframework\"",
					"\"$(SRCROOT)/../../../epub_sdk/ios/Products\"",
					"\"$(SRCROOT)/../EPUB_UI/Products/AnFengDe_EPUB_UI.embeddedframework\"",
					"\"$(SRCROOT)/../../../deploy/ios/lib\"",
					"\"$(SRCROOT)/../../../deploy/ios/lib/AnFengDe_EPUB_UI.embeddedframework\"",
					"\"$(SRCROOT)/../lib\"",
				);
				GCC_PRECOMPILE_PREFIX_HEADER = YES;
				GCC_PREFIX_HEADER = "Example/Example-Prefix.pch";
				INFOPLIST_FILE = "Example/Example-Info.plist";
				IPHONEOS_DEPLOYMENT_TARGET = 5.0;
				OTHER_LDFLAGS = "-all_load";
				PRODUCT_NAME = "$(TARGET_NAME)";
				TARGETED_DEVICE_FAMILY = "1,2";
				VALID_ARCHS = armv7;
				WRAPPER_EXTENSION = app;
			};
			name = Debug;
		};
		4FD8097115C93E270065448B /* Release */ = {
			isa = XCBuildConfiguration;
			buildSettings = {
				FRAMEWORK_SEARCH_PATHS = (
					"$(inherited)",
					"\"$(SRCROOT)/../lib/AnFengDe_EPUB_UI.embeddedframework\"",
					"\"$(SRCROOT)/../../../epub_sdk/ios/Products\"",
					"\"$(SRCROOT)/../EPUB_UI/Products/AnFengDe_EPUB_UI.embeddedframework\"",
					"\"$(SRCROOT)/../../../deploy/ios/lib\"",
					"\"$(SRCROOT)/../../../deploy/ios/lib/AnFengDe_EPUB_UI.embeddedframework\"",
					"\"$(SRCROOT)/../lib\"",
				);
				GCC_PRECOMPILE_PREFIX_HEADER = YES;
				GCC_PREFIX_HEADER = "Example/Example-Prefix.pch";
				INFOPLIST_FILE = "Example/Example-Info.plist";
				IPHONEOS_DEPLOYMENT_TARGET = 5.0;
				OTHER_LDFLAGS = "-all_load";
				PRODUCT_NAME = "$(TARGET_NAME)";
				TARGETED_DEVICE_FAMILY = "1,2";
				VALID_ARCHS = armv7;
				WRAPPER_EXTENSION = app;
			};
			name = Release;
		};
/* End XCBuildConfiguration section */

/* Begin XCConfigurationList section */
		4FD8094B15C93E270065448B /* Build configuration list for PBXProject "Example" */ = {
			isa = XCConfigurationList;
			buildConfigurations = (
				4FD8096D15C93E270065448B /* Debug */,
				4FD8096E15C93E270065448B /* Release */,
			);
			defaultConfigurationIsVisible = 0;
			defaultConfigurationName = Release;
		};
		4FD8096F15C93E270065448B /* Build configuration list for PBXNativeTarget "Example" */ = {
			isa = XCConfigurationList;
			buildConfigurations = (
				4FD8097015C93E270065448B /* Debug */,
				4FD8097115C93E270065448B /* Release */,
			);
			defaultConfigurationIsVisible = 0;
			defaultConfigurationName = Release;
		};
/* End XCConfigurationList section */
	};
	rootObject = 4FD8094815C93E270065448B /* Project object */;
}
